// !$*UTF8*$!
{
	archiveVersion = 1;
	classes = {
	};
	objectVersion = 77;
	objects = {

/* Begin PBXBuildFile section */
		033828C702EAEB2D122FACFB /* SpeedTestView.swift in Sources */ = {isa = PBXBuildFile; fileRef = 851FC71FE3C4AD1E297412A6 /* SpeedTestView.swift */; };
		039B56049EE635D68D513F6A /* ProxyConfigView.swift in Sources */ = {isa = PBXBuildFile; fileRef = 5C8331C0C9819AD1CD4D1DFF /* ProxyConfigView.swift */; };
		04DDF42D29D0D2C1C9A568C6 /* MfaBackupModels.swift in Sources */ = {isa = PBXBuildFile; fileRef = A8C824ACB75E176CDCA69C09 /* MfaBackupModels.swift */; };
		05878C5C8E399C090798F11C /* AiModelsViewModel.swift in Sources */ = {isa = PBXBuildFile; fileRef = F77B56211ABB8F304D0D5CD1 /* AiModelsViewModel.swift */; };
		07F5E0A32ABA61A29D546CCE /* RegionWorldMapView.swift in Sources */ = {isa = PBXBuildFile; fileRef = 03906DA691D658994FB39444 /* RegionWorldMapView.swift */; };
		0AB2CE3D8F46F3288ACDF846 /* TenantCostView.swift in Sources */ = {isa = PBXBuildFile; fileRef = 961823899CD82F4A64E6C42C /* TenantCostView.swift */; };
		0AC8F06B502C828BF1AA1795 /* EdgeOneViewModel.swift in Sources */ = {isa = PBXBuildFile; fileRef = A52CFBC200F8E46D152CB396 /* EdgeOneViewModel.swift */; };
		0D04CEBB032B48FC1950FC5D /* InstanceVnicView.swift in Sources */ = {isa = PBXBuildFile; fileRef = A60B63F9E1AA298F2E8221A1 /* InstanceVnicView.swift */; };
		0E873E387CFCCD84AE8D6461 /* KeyConfigModels.swift in Sources */ = {isa = PBXBuildFile; fileRef = 335AAC0A1936FF5A187DF6A5 /* KeyConfigModels.swift */; };
		0F67AF21DA704E59AB0D380F /* MigrationService.swift in Sources */ = {isa = PBXBuildFile; fileRef = 18BAC5C764F783E62D2B5011 /* MigrationService.swift */; };
		1036B3293B62BACBBC58DEA5 /* AiChatViewModel.swift in Sources */ = {isa = PBXBuildFile; fileRef = DF32ED46E39C733439C06AB8 /* AiChatViewModel.swift */; };
		1047D7D72F2648C13AFC31C6 /* DropdownHostingView.swift in Sources */ = {isa = PBXBuildFile; fileRef = BC65045AB208D01105D13E47 /* DropdownHostingView.swift */; };
		1195A4C940B413B4A71DF9B9 /* DashboardView.swift in Sources */ = {isa = PBXBuildFile; fileRef = B6ADD65B3D484EFBF0B833B3 /* DashboardView.swift */; };
		12A55E64711F70E236838A43 /* LoginPalette.swift in Sources */ = {isa = PBXBuildFile; fileRef = 2848A792CAB0182F7B487A93 /* LoginPalette.swift */; };
		1574F64487CC459184B7EF4A /* TenantBootCreateView.swift in Sources */ = {isa = PBXBuildFile; fileRef = C71E0DBF39D0EDC113FABB08 /* TenantBootCreateView.swift */; };
		15AA276851FCB5241603FB34 /* TenantTrafficView.swift in Sources */ = {isa = PBXBuildFile; fileRef = D06D9DAAC90B1D1E258DCF3E /* TenantTrafficView.swift */; };
		15C2442D5D7678B7AC0C7DFF /* LoginView.swift in Sources */ = {isa = PBXBuildFile; fileRef = 64FB064E2B5310D241368A67 /* LoginView.swift */; };
		18A1CA9A028AC79615B4661C /* FormFields.swift in Sources */ = {isa = PBXBuildFile; fileRef = 9A879BF1533CC0A4D32842EE /* FormFields.swift */; };
		18B82090DEE90A12C82885E1 /* KeyConfigView.swift in Sources */ = {isa = PBXBuildFile; fileRef = 9DC2DA79CF04E5E83ABDD888 /* KeyConfigView.swift */; };
		1AD9203E615E78E9C4904A45 /* MemoViewModel.swift in Sources */ = {isa = PBXBuildFile; fileRef = 5652D48AE00165524DAE460E /* MemoViewModel.swift */; };
		1DA3D5D35AA3D7C4B08B6A5B /* CloudflareSheets.swift in Sources */ = {isa = PBXBuildFile; fileRef = 24506B70C4FFCE810EAE9040 /* CloudflareSheets.swift */; };
		1E969468BDD499C23410A9FF /* TenantRegionSubView.swift in Sources */ = {isa = PBXBuildFile; fileRef = C34520952F7405265F850CC6 /* TenantRegionSubView.swift */; };
		1F3CEDF8E9CAA01E3B5E5FF9 /* EmailModels.swift in Sources */ = {isa = PBXBuildFile; fileRef = 25631DA826E3AF8EA9FDAA3B /* EmailModels.swift */; };
		1F8B81B6D8676642B2BB43EE /* StorageModels.swift in Sources */ = {isa = PBXBuildFile; fileRef = E81D5B7252DDBCC21C34FD7E /* StorageModels.swift */; };
		20120F59506CEB21888794BC /* AppAlert.swift in Sources */ = {isa = PBXBuildFile; fileRef = 3CBC227991D7DE764B45C965 /* AppAlert.swift */; };
		2289F5F7EEDB77619DB619E6 /* StatusBadge.swift in Sources */ = {isa = PBXBuildFile; fileRef = 62EF6A2F27CBBDD81C0D3A11 /* StatusBadge.swift */; };
		2640DBE137F70B67D9692722 /* VpsModels.swift in Sources */ = {isa = PBXBuildFile; fileRef = E80A6DAC1DD0D9B25F2A9B71 /* VpsModels.swift */; };
		28C7747B749659074B3AEDD3 /* VpsService.swift in Sources */ = {isa = PBXBuildFile; fileRef = D6363AFD5E95EEFBEEA26450 /* VpsService.swift */; };
		28FCF6C365B90F15D0CF336C /* ModuleSettingsCard.swift in Sources */ = {isa = PBXBuildFile; fileRef = 8425C1FDE338958A0F98E6DD /* ModuleSettingsCard.swift */; };
		29F8022DD68CCBD23D67D168 /* AiModelsModels.swift in Sources */ = {isa = PBXBuildFile; fileRef = EF310E35D3F896AC5EE98756 /* AiModelsModels.swift */; };
		2F66B287B6F4214350C2579F /* ProxyConfigViewModel.swift in Sources */ = {isa = PBXBuildFile; fileRef = E02FA4B4004DBEDFD1E10C6B /* ProxyConfigViewModel.swift */; };
		2FB229544BFD79AF25B28D47 /* IpQualityViewModel.swift in Sources */ = {isa = PBXBuildFile; fileRef = 932F23678DD34C1D52809C02 /* IpQualityViewModel.swift */; };
		3155CBC005C58B4267639BC2 /* SpeedTestViewModel.swift in Sources */ = {isa = PBXBuildFile; fileRef = 42252EE5971C8100C3B9BD37 /* SpeedTestViewModel.swift */; };
		385EABD85AF3403312F0CD63 /* VpsViewModel.swift in Sources */ = {isa = PBXBuildFile; fileRef = 9818D7B29DDBEFBE75A29E7C /* VpsViewModel.swift */; };
		39FCF6780E96DA938556A1A8 /* LoadingOverlay.swift in Sources */ = {isa = PBXBuildFile; fileRef = 5F1A4B0EFEAB00C28D006D5C /* LoadingOverlay.swift */; };
		3B573CA70241FCFBD6B27F23 /* NotifyService.swift in Sources */ = {isa = PBXBuildFile; fileRef = 4D997EF18FC5579C13EC64EF /* NotifyService.swift */; };
		3BB6AA95E1052762364CA9E6 /* PlaceholderView.swift in Sources */ = {isa = PBXBuildFile; fileRef = 65662A946C4732C2A75E6764 /* PlaceholderView.swift */; };
		3D159EAC92337F1D4B9B0016 /* SecuritySettingsViewModel.swift in Sources */ = {isa = PBXBuildFile; fileRef = E0369C192E513886EA40C347 /* SecuritySettingsViewModel.swift */; };
		3D1F75F56FA06530A28EF3C5 /* PrimaryButton.swift in Sources */ = {isa = PBXBuildFile; fileRef = C43B9129874D0FC784FC5D11 /* PrimaryButton.swift */; };
		3DA9E7BA13E15AAD6A78DD40 /* NavigationState.swift in Sources */ = {isa = PBXBuildFile; fileRef = 759292C391910737FFB9D49F /* NavigationState.swift */; };
		3F0267E45699932089CE4E74 /* TenantSSEClient.swift in Sources */ = {isa = PBXBuildFile; fileRef = E885C26CBC50963820778BF0 /* TenantSSEClient.swift */; };
		40FD6BD36612A10AC425DF68 /* EdgeOneService.swift in Sources */ = {isa = PBXBuildFile; fileRef = 653A54E16424EB87A0C696CD /* EdgeOneService.swift */; };
		41571CA548CFAEA91BFB60AC /* TopNavView.swift in Sources */ = {isa = PBXBuildFile; fileRef = 5B022FF06B6F01A3C4C48B53 /* TopNavView.swift */; };
		42A6C14E19A9738050C4CC37 /* BootDetailView.swift in Sources */ = {isa = PBXBuildFile; fileRef = 162F95580D1CE5E421FFD16C /* BootDetailView.swift */; };
		42E774C95511894736D64B77 /* PageState.swift in Sources */ = {isa = PBXBuildFile; fileRef = 9EA2A3C23521B3DB539228BF /* PageState.swift */; };
		43F008677F980AE84A1ABA4F /* AiChatModels.swift in Sources */ = {isa = PBXBuildFile; fileRef = B34D6CDEAFB1CFD8D91F5C96 /* AiChatModels.swift */; };
		44AA6B99E418E2E45BB07B49 /* LoginFormModel.swift in Sources */ = {isa = PBXBuildFile; fileRef = 8D074586CDD5438265ED11BB /* LoginFormModel.swift */; };
		465819228E9F618DF5FCC727 /* ApiTokensViewModel.swift in Sources */ = {isa = PBXBuildFile; fileRef = D1CABA029A5C204142524C88 /* ApiTokensViewModel.swift */; };
		47947DCB19F34A122683DB26 /* AiChatView.swift in Sources */ = {isa = PBXBuildFile; fileRef = 9FA6E056920C66A3AAB6CD76 /* AiChatView.swift */; };
		47F787A4A2D76CBF070808FB /* View+Common.swift in Sources */ = {isa = PBXBuildFile; fileRef = 0081C27570F247088F732615 /* View+Common.swift */; };
		48E44BDCD681BC30DFF8C359 /* HeaderViewModel.swift in Sources */ = {isa = PBXBuildFile; fileRef = CC7492B414C2A10B5CD80F3F /* HeaderViewModel.swift */; };
		4A27D360B7CC3C9FC0409793 /* MemoView.swift in Sources */ = {isa = PBXBuildFile; fileRef = 0358BCCB9C05DB278F262E15 /* MemoView.swift */; };
		4CBE1790EEC2331FD85DC05A /* SystemLogsViewModel.swift in Sources */ = {isa = PBXBuildFile; fileRef = 38A26C9AA1384AD2E42777B8 /* SystemLogsViewModel.swift */; };
		4E0E766B149DD7577CDC6DD2 /* DashboardViewModel.swift in Sources */ = {isa = PBXBuildFile; fileRef = A34FEBC427092DE2CC7942F5 /* DashboardViewModel.swift */; };
		4E98EAC72D17DCF0BADFFE50 /* ApiTokensView.swift in Sources */ = {isa = PBXBuildFile; fileRef = 4D61B8DA5414E0A534093D6C /* ApiTokensView.swift */; };
		5091D0A97D2B99AA98FFF2B8 /* MemoService.swift in Sources */ = {isa = PBXBuildFile; fileRef = 40870E962728BE0C83E3F39C /* MemoService.swift */; };
		5220956F8A665A564D212250 /* main.swift in Sources */ = {isa = PBXBuildFile; fileRef = FAF0091C19DFCDF81A0A079B /* main.swift */; };
		522679E395AA6DB4280C2038 /* SecuritySettingsModels.swift in Sources */ = {isa = PBXBuildFile; fileRef = CE77EEB37155937AA348DB22 /* SecuritySettingsModels.swift */; };
		52D7C9452498E19846D9C968 /* LoginRightPanel.swift in Sources */ = {isa = PBXBuildFile; fileRef = 97B293BCBF1C75C717A9B6E4 /* LoginRightPanel.swift */; };
		53E4843C3BA021B5B0F354D7 /* OpenLogsSSEClient.swift in Sources */ = {isa = PBXBuildFile; fileRef = 9F2670A1516ED4A7D3F2AA60 /* OpenLogsSSEClient.swift */; };
		5534DC741BD72CFC3D32149A /* KeyConfigService.swift in Sources */ = {isa = PBXBuildFile; fileRef = A680A59227AF5AC5F7988E1A /* KeyConfigService.swift */; };
		55E7309FB286A9C06CD03E70 /* SelectMenu.swift in Sources */ = {isa = PBXBuildFile; fileRef = 7A8C17101D8E694E81A06680 /* SelectMenu.swift */; };
		56B5F5715BACECB76C4ED70E /* InstanceSSHView.swift in Sources */ = {isa = PBXBuildFile; fileRef = 7B60DF5D143EAA008EA0D0A4 /* InstanceSSHView.swift */; };
		578BE51AF277B3F286F473C2 /* SecuritySettingsView.swift in Sources */ = {isa = PBXBuildFile; fileRef = 4D2853504FD88D1B6CD103A7 /* SecuritySettingsView.swift */; };
		5BC44930D6E417399441BCD3 /* ProxyConfigModels.swift in Sources */ = {isa = PBXBuildFile; fileRef = 1110FBCEA6C653D4E1692801 /* ProxyConfigModels.swift */; };
		5CAA8C36B1D5BD6BCE6AEC56 /* LoginCodeInput.swift in Sources */ = {isa = PBXBuildFile; fileRef = B3DBF05D271317D78B40DF81 /* LoginCodeInput.swift */; };
		5CD3F7720E8D0A8AB88312DE /* TenantDetailView.swift in Sources */ = {isa = PBXBuildFile; fileRef = 5F88E8E0A2A45E270C210A65 /* TenantDetailView.swift */; };
		5DB5104D4783B35B318C0DB0 /* TenantsModels.swift in Sources */ = {isa = PBXBuildFile; fileRef = 0DC1354DC22B7EF43519C39E /* TenantsModels.swift */; };
		5E52A9683AB320AEC46534FD /* NavigationCatalog.swift in Sources */ = {isa = PBXBuildFile; fileRef = 52EE349B8C593E23DA076517 /* NavigationCatalog.swift */; };
		606AD8CC4E03D48F269E08E2 /* ProxyConfigService.swift in Sources */ = {isa = PBXBuildFile; fileRef = 6957E89A2AC4C0E5033AAEA3 /* ProxyConfigService.swift */; };
		61C4E0C1DC9C9970D9BD1E48 /* TenantsView.swift in Sources */ = {isa = PBXBuildFile; fileRef = 432282673E09EB48C3F7FDE3 /* TenantsView.swift */; };
		630BA615206F3A8005F7A436 /* VpsListView.swift in Sources */ = {isa = PBXBuildFile; fileRef = F4C29011AD026615F9C88744 /* VpsListView.swift */; };
		64099178A2CA75A5AD19D1B1 /* CloudflareModels.swift in Sources */ = {isa = PBXBuildFile; fileRef = E3603D94AB1BAFFE452E7AB2 /* CloudflareModels.swift */; };
		664258FC7ECDB1E62533BAD8 /* EmailViewModel.swift in Sources */ = {isa = PBXBuildFile; fileRef = F39CFEBA863BBBC79BD87D85 /* EmailViewModel.swift */; };
		68367F9C31AEA15851310DC0 /* MainWindowController.swift in Sources */ = {isa = PBXBuildFile; fileRef = 489FD56D26AB5E774B0F430D /* MainWindowController.swift */; };
		6890647F370832DB3A02403D /* InstancesModels.swift in Sources */ = {isa = PBXBuildFile; fileRef = AC5C3F898C62F50B64CF789B /* InstancesModels.swift */; };
		69D35039B9F253688C21370B /* SectionCard.swift in Sources */ = {isa = PBXBuildFile; fileRef = A42E5432CC9219A29D3EC0F5 /* SectionCard.swift */; };
		6ADC332090ABED45BA5B2A9F /* OpenLogsModels.swift in Sources */ = {isa = PBXBuildFile; fileRef = 89FC141D0A5B0998A0C92BB6 /* OpenLogsModels.swift */; };
		6D2EDB2A10E5C20DE363956A /* TenantSheets.swift in Sources */ = {isa = PBXBuildFile; fileRef = E7578C1F0156EC0C34022837 /* TenantSheets.swift */; };
		6E22882F9059B159EE5CB5D3 /* TerminalEmulatorView.swift in Sources */ = {isa = PBXBuildFile; fileRef = B73798FFCF9721AFD46BCE9F /* TerminalEmulatorView.swift */; };
		6F4FA3073CB6707ADEFCA321 /* LoginHeroView.swift in Sources */ = {isa = PBXBuildFile; fileRef = FCA100C08F2726ED0159601E /* LoginHeroView.swift */; };
		731380D27CCDE6D3DC472D97 /* CloudflareService.swift in Sources */ = {isa = PBXBuildFile; fileRef = 39C09819BDE296196C789980 /* CloudflareService.swift */; };
		75EA5D905BD7137807A88FBF /* InstancesViewModel.swift in Sources */ = {isa = PBXBuildFile; fileRef = FC2EAEB6ABC274DAD38CED3A /* InstancesViewModel.swift */; };
		782A039C7902C1EF3C0BCA7A /* LoginField.swift in Sources */ = {isa = PBXBuildFile; fileRef = 290B5AFC1FBF12586174E363 /* LoginField.swift */; };
		78E8B5EEBB233111C17E87BD /* NotifyViewModel.swift in Sources */ = {isa = PBXBuildFile; fileRef = AD4356519D9FF1C342C127E9 /* NotifyViewModel.swift */; };
		79002130E81892B353B1F14B /* SpeedTestModels.swift in Sources */ = {isa = PBXBuildFile; fileRef = 01D716CBEEC3E94A998EC853 /* SpeedTestModels.swift */; };
		79181BCDF6F14A98C3CDD013 /* DataList.swift in Sources */ = {isa = PBXBuildFile; fileRef = 2A777D1E64B092657B1EEC09 /* DataList.swift */; };
		79C41985E15F830287084BDF /* KeyConfigViewModel.swift in Sources */ = {isa = PBXBuildFile; fileRef = F565EE50EFBB919A2795E5F9 /* KeyConfigViewModel.swift */; };
		7ADC418ABD506CAC6527EE30 /* RootContainerViewController.swift in Sources */ = {isa = PBXBuildFile; fileRef = D784276CCBC7B21E22DFDEC8 /* RootContainerViewController.swift */; };
		7AE4E1C18A9AA75FEEF5551B /* AppNSTextField.swift in Sources */ = {isa = PBXBuildFile; fileRef = DE66A84A0B050AE52E5FA497 /* AppNSTextField.swift */; };
		7D566E68058E4046C99EE485 /* MfaBackupService.swift in Sources */ = {isa = PBXBuildFile; fileRef = D82D5DE1B058DEED274B9F56 /* MfaBackupService.swift */; };
		7D659F0C9C51F2BAA46DD28D /* SecuritySettingsService.swift in Sources */ = {isa = PBXBuildFile; fileRef = 3A94467C0A8B3902E1FC86EA /* SecuritySettingsService.swift */; };
		8109B3A984CBA32CE308D254 /* InstancesView.swift in Sources */ = {isa = PBXBuildFile; fileRef = DBBC8872C9E4FE6B6B456BC9 /* InstancesView.swift */; };
		8204175D797A70EA09471DF3 /* RegionsViewModel.swift in Sources */ = {isa = PBXBuildFile; fileRef = 57CCEB2C5E9DA6959FAFA537 /* RegionsViewModel.swift */; };
		826DD51D05F333C4BF4D424B /* AiModelsView.swift in Sources */ = {isa = PBXBuildFile; fileRef = 9BC83BA273BCFF49FF50902F /* AiModelsView.swift */; };
		83352710A89C27131608F022 /* DashboardModels.swift in Sources */ = {isa = PBXBuildFile; fileRef = AD419ACBD34D22BCF139B837 /* DashboardModels.swift */; };
		84AAE2592BAEC180CAC9A830 /* NavID.swift in Sources */ = {isa = PBXBuildFile; fileRef = 86C688ECFAB33376BCE4FF46 /* NavID.swift */; };
		858B3E978A8CE311E2F3ABDD /* BackendController.swift in Sources */ = {isa = PBXBuildFile; fileRef = A4837FC71C0C5FAF398FF961 /* BackendController.swift */; };
		87B19F581140FC6E6ED8446B /* EmailSheets.swift in Sources */ = {isa = PBXBuildFile; fileRef = 51569AB8A48C23680604655E /* EmailSheets.swift */; };
		895FB190BDFB4FDD2AB1A83E /* IpQualityView.swift in Sources */ = {isa = PBXBuildFile; fileRef = 83CD8904CA13BDE5C146E1C0 /* IpQualityView.swift */; };
		8DD600339E840B41122EFA05 /* BootSheets.swift in Sources */ = {isa = PBXBuildFile; fileRef = 0CC02B0032EDCA73DF171581 /* BootSheets.swift */; };
		8E66603E3CEB0863AA477D91 /* EmailView.swift in Sources */ = {isa = PBXBuildFile; fileRef = 1F3BBD77C266F9937A6FA787 /* EmailView.swift */; };
		8F6BB7C2C05F6732F3481CAF /* OpenLogsService.swift in Sources */ = {isa = PBXBuildFile; fileRef = C526B2906C125E79DAE82ACE /* OpenLogsService.swift */; };
		91AF4B932B08B788EAA36AFE /* IpQualityService.swift in Sources */ = {isa = PBXBuildFile; fileRef = 3303963FDF1FD56D2371F754 /* IpQualityService.swift */; };
		9204EC037DFE596E86271E82 /* SidebarView.swift in Sources */ = {isa = PBXBuildFile; fileRef = 9CDD7EA8CD0B4E9B4120884A /* SidebarView.swift */; };
		945F5568A99FB5FEE414EA53 /* InstancesService.swift in Sources */ = {isa = PBXBuildFile; fileRef = 4B0D5AE9B1F12989DA465E59 /* InstancesService.swift */; };
		9479D2D957FC8A732652BD6F /* StorageView.swift in Sources */ = {isa = PBXBuildFile; fileRef = 021007FA603EC2305003407D /* StorageView.swift */; };
		95FB697AC28D397E8BFAA01A /* BootView.swift in Sources */ = {isa = PBXBuildFile; fileRef = 10334D3D828D0AEBDD679338 /* BootView.swift */; };
		967EFFF2219810A62BFE8E73 /* OpenLogsView.swift in Sources */ = {isa = PBXBuildFile; fileRef = 9043941F5024C794E0805F6F /* OpenLogsView.swift */; };
		97F63DBFD9071BCE70F369B0 /* AppSheetChrome.swift in Sources */ = {isa = PBXBuildFile; fileRef = 44211B21A91CCB6D2F97BA28 /* AppSheetChrome.swift */; };
		9DF214C64774C557C9906973 /* TenantAuditLogView.swift in Sources */ = {isa = PBXBuildFile; fileRef = 6AABE84DB5C8D3E6F2F0FEBB /* TenantAuditLogView.swift */; };
		9F2BE19703C4C25E963E0D7C /* LoginForgotPasswordSheet.swift in Sources */ = {isa = PBXBuildFile; fileRef = D71A58889451C11F5BA0F0A5 /* LoginForgotPasswordSheet.swift */; };
		A058A7858059157340FF8F0A /* ToastCenter.swift in Sources */ = {isa = PBXBuildFile; fileRef = A788B7F3994FBDF14325A5E2 /* ToastCenter.swift */; };
		A068237B43A5EAB6AAAD5FCD /* PaginationBar.swift in Sources */ = {isa = PBXBuildFile; fileRef = BA60FF9432615ED1B8859A71 /* PaginationBar.swift */; };
		A135A4ED22E63E6C848C0C72 /* AuthService.swift in Sources */ = {isa = PBXBuildFile; fileRef = E364567873E54CF61D4F3BD6 /* AuthService.swift */; };
		A2127B74FC85E0E49A73D925 /* RegionFlagView.swift in Sources */ = {isa = PBXBuildFile; fileRef = 8E7D15B95B84A6AC359D11A1 /* RegionFlagView.swift */; };
		A3F13A397ADDD22341C5A1D1 /* OpenLogsViewModel.swift in Sources */ = {isa = PBXBuildFile; fileRef = F050373CD899339437623964 /* OpenLogsViewModel.swift */; };
		A56651ACFD0FE5C413C6B1B6 /* AppSession.swift in Sources */ = {isa = PBXBuildFile; fileRef = 40A459F6906D8BAD66286EC3 /* AppSession.swift */; };
		A6ABCBB77484CE55572B072D /* SearchField.swift in Sources */ = {isa = PBXBuildFile; fileRef = FBEE095B045B1A8D4F2F65FD /* SearchField.swift */; };
		A93DE3D78380DF7172B79F9C /* MenuBuilder.swift in Sources */ = {isa = PBXBuildFile; fileRef = B1D231F92F664E524598A019 /* MenuBuilder.swift */; };
		A94FDC937A4C507264060CE1 /* Assets.xcassets in Resources */ = {isa = PBXBuildFile; fileRef = D7B8E56C262961F0BAFAECDC /* Assets.xcassets */; };
		AA490C5985A8F6E36A128BE8 /* EmailService.swift in Sources */ = {isa = PBXBuildFile; fileRef = B27417229F33D797CED6ADD8 /* EmailService.swift */; };
		AA6A950EC77AE50E22922BC2 /* NotifyView.swift in Sources */ = {isa = PBXBuildFile; fileRef = C81E56D04F71ED8E575D4DA8 /* NotifyView.swift */; };
		AAA67605C16670ADE9A79FC8 /* StorageSheets.swift in Sources */ = {isa = PBXBuildFile; fileRef = B37789110BB0BB29EB452123 /* StorageSheets.swift */; };
		ACD6024CA47E10C6BC45FE06 /* MigrationView.swift in Sources */ = {isa = PBXBuildFile; fileRef = D031FB2485BEF7B2E765F8C1 /* MigrationView.swift */; };
		AF073249F3ED6C948605F476 /* BootModels.swift in Sources */ = {isa = PBXBuildFile; fileRef = 158778758CDF76A7DD528AF2 /* BootModels.swift */; };
		B0BEFE44A9F68A67224EEDE4 /* EdgeOneSheets.swift in Sources */ = {isa = PBXBuildFile; fileRef = 11DE88360BB8EEE5F6EAAA54 /* EdgeOneSheets.swift */; };
		B2AE0C00807FB5B177976A8C /* FilterBar.swift in Sources */ = {isa = PBXBuildFile; fileRef = 2F057B2EA8D8261D84480667 /* FilterBar.swift */; };
		B2CCA2BB18D2E87B8F51A92F /* AppTheme.swift in Sources */ = {isa = PBXBuildFile; fileRef = 03132EB885153D365E92EA7C /* AppTheme.swift */; };
		B39EE701666DBA4B4A5A34C9 /* MainShellViewController.swift in Sources */ = {isa = PBXBuildFile; fileRef = E19587BEDC33BD266ABA2188 /* MainShellViewController.swift */; };
		B423EF53908AB498286DD7BC /* InstanceConsoleView.swift in Sources */ = {isa = PBXBuildFile; fileRef = 5BBEC9EAA586024A7EC2A783 /* InstanceConsoleView.swift */; };
		B57FF8F6AB85CC9AB616B9B0 /* RegionsView.swift in Sources */ = {isa = PBXBuildFile; fileRef = 345A38D425F245E68B09BAEC /* RegionsView.swift */; };
		B643205A47C7D77BBA738ED8 /* MfaBackupView.swift in Sources */ = {isa = PBXBuildFile; fileRef = 8B920763223EA42CE9B71AAB /* MfaBackupView.swift */; };
		BFE0C18AFAD6FD49BA5CE00F /* InstanceSheets.swift in Sources */ = {isa = PBXBuildFile; fileRef = D32890E93158F350F82F051A /* InstanceSheets.swift */; };
		C116F530C1ADF301160A2550 /* MigrationViewModel.swift in Sources */ = {isa = PBXBuildFile; fileRef = 0E840EC0CF667084D1338035 /* MigrationViewModel.swift */; };
		C16C13899FC3B0DA35660ECA /* Errors.swift in Sources */ = {isa = PBXBuildFile; fileRef = 74262F0034C064B9D6A85D9A /* Errors.swift */; };
		C5B96BDDA0788B1915873131 /* RegionsModels.swift in Sources */ = {isa = PBXBuildFile; fileRef = A0E093E542493B41F5EF82CC /* RegionsModels.swift */; };
		C8D791A50FB9783781F18EA4 /* EdgeOneView.swift in Sources */ = {isa = PBXBuildFile; fileRef = 01763BD020DB696536445E64 /* EdgeOneView.swift */; };
		C9F6F70E0298BFA350B38080 /* AiChatService.swift in Sources */ = {isa = PBXBuildFile; fileRef = 37962C7668818B685875086F /* AiChatService.swift */; };
		CB81E043FF05BA7E39B06630 /* URLSession+Compat.swift in Sources */ = {isa = PBXBuildFile; fileRef = 2BFD2F1F741E28884631F316 /* URLSession+Compat.swift */; };
		CBF119B860D9B30F4B90A44A /* TenantQuotaView.swift in Sources */ = {isa = PBXBuildFile; fileRef = 9A7F10A7A233A0BFA268F457 /* TenantQuotaView.swift */; };
		CE8B0B45012938237329AF85 /* SelectOption.swift in Sources */ = {isa = PBXBuildFile; fileRef = 56373E0605ABBF7B2D84BB73 /* SelectOption.swift */; };
		CEB1136449A62C5368C80B51 /* SystemLogsView.swift in Sources */ = {isa = PBXBuildFile; fileRef = 0218C01955A7CB571A13B573 /* SystemLogsView.swift */; };
		D06C3E63442610A5A74CB57B /* MenuGlyph.swift in Sources */ = {isa = PBXBuildFile; fileRef = 4F1208A86E609E1417517DF5 /* MenuGlyph.swift */; };
		D14ECF886C94F1FD99D11E8F /* NotifyModels.swift in Sources */ = {isa = PBXBuildFile; fileRef = 79DA694C722191A69E08CF73 /* NotifyModels.swift */; };
		D29BE287B9C1015A8258357B /* StorageService.swift in Sources */ = {isa = PBXBuildFile; fileRef = 5B9A8CD118ED92D261FE7D62 /* StorageService.swift */; };
		D2C0323C8C52EDB485D609B8 /* TopNavChromeState.swift in Sources */ = {isa = PBXBuildFile; fileRef = 9FAC7509707070CA3F7FDAC9 /* TopNavChromeState.swift */; };
		D2FCC0F8F256102DBFAE7166 /* TenantsViewModel.swift in Sources */ = {isa = PBXBuildFile; fileRef = FE6F74321F020EB02AB0F416 /* TenantsViewModel.swift */; };
		D3E98A74DB88C4CC29F8095E /* ApiTokensService.swift in Sources */ = {isa = PBXBuildFile; fileRef = B4ADE08C57091578E53DCA19 /* ApiTokensService.swift */; };
		D45AF7471B3CD0C2233320F9 /* ApiTokensModels.swift in Sources */ = {isa = PBXBuildFile; fileRef = 3C842F6541541AD64D894C08 /* ApiTokensModels.swift */; };
		D46AB478A7846C0BDF997184 /* CloudflareViewModel.swift in Sources */ = {isa = PBXBuildFile; fileRef = F17546C4ED1352E0B353D4F2 /* CloudflareViewModel.swift */; };
		D66AF341F10BE840877F82A0 /* RSAHelper.swift in Sources */ = {isa = PBXBuildFile; fileRef = 1302A85C8901F8CA70201100 /* RSAHelper.swift */; };
		D6F2B149CE6B5E27DEC13DA2 /* TopNavDropdownOverlay.swift in Sources */ = {isa = PBXBuildFile; fileRef = D128D86A619A53AC5A7D6A85 /* TopNavDropdownOverlay.swift */; };
		D7A03F84DCF8C56468674D39 /* CloudflareView.swift in Sources */ = {isa = PBXBuildFile; fileRef = 5C77B4F2284F4E15A2456A47 /* CloudflareView.swift */; };
		D9A7D22C6999E2658B9D9A91 /* EdgeOneModels.swift in Sources */ = {isa = PBXBuildFile; fileRef = 8C3BCFD39E98B08323FDAE6C /* EdgeOneModels.swift */; };
		DB2F60CFC39A872FFD8E90D9 /* ProxyConfigSheets.swift in Sources */ = {isa = PBXBuildFile; fileRef = 4FCBA0F26BCA1EAED6D7BFD3 /* ProxyConfigSheets.swift */; };
		DB5AD1477E862CE1BC521F82 /* ContentHostViewController.swift in Sources */ = {isa = PBXBuildFile; fileRef = 27D7D3276CF9DA04ED990196 /* ContentHostViewController.swift */; };
		DD4597DCA8812D4E3827C4C3 /* APIClient.swift in Sources */ = {isa = PBXBuildFile; fileRef = A7FD1DD15EDBAB0F9294DF9A /* APIClient.swift */; };
		DE80ABDDAAE40AC40F1F0AC1 /* PageScaffold.swift in Sources */ = {isa = PBXBuildFile; fileRef = DDCA5F5346079498772E82B5 /* PageScaffold.swift */; };
		DF45005E86C0EC80A3001B14 /* FeatureRouter.swift in Sources */ = {isa = PBXBuildFile; fileRef = BBB852D8A60827C15F4D898C /* FeatureRouter.swift */; };
		E3E5C7FBF87D912EB2B011A8 /* TenantUserManageView.swift in Sources */ = {isa = PBXBuildFile; fileRef = F89773EE6D107651CDFB3513 /* TenantUserManageView.swift */; };
		E5471F1D8C78CC5ECF9DA149 /* NativeWSClient.swift in Sources */ = {isa = PBXBuildFile; fileRef = 8C218889BA0855C224527D61 /* NativeWSClient.swift */; };
		E587B999BFAA0C8FF1FE2FA5 /* AiModelsService.swift in Sources */ = {isa = PBXBuildFile; fileRef = EC38E4ACA4F99A86393CF371 /* AiModelsService.swift */; };
		E703ABB6DDB3C584FA78E6BA /* BootViewModel.swift in Sources */ = {isa = PBXBuildFile; fileRef = D4A8AD3B2CE9294F28C6322C /* BootViewModel.swift */; };
		E85B63B3BFCC969E9A26AC54 /* SystemLogsService.swift in Sources */ = {isa = PBXBuildFile; fileRef = FE06C9008FB086C09F22CB0A /* SystemLogsService.swift */; };
		EE5DD805B2041DEEA972B068 /* TenantsService.swift in Sources */ = {isa = PBXBuildFile; fileRef = A7749564DA59E1339249E3C0 /* TenantsService.swift */; };
		F296D86435E1396A7E7C4049 /* FloatingMenuDismiss.swift in Sources */ = {isa = PBXBuildFile; fileRef = EC5E812017E74594E635D239 /* FloatingMenuDismiss.swift */; };
		F5EFBB1C54F9513BBD0165A9 /* IpQualityModels.swift in Sources */ = {isa = PBXBuildFile; fileRef = 32824657C39B9949AB89F5A0 /* IpQualityModels.swift */; };
		F611F59DD2776E27958530C4 /* AppDelegate.swift in Sources */ = {isa = PBXBuildFile; fileRef = FA518EB4034A1E323D1004A1 /* AppDelegate.swift */; };
		F902C0693CE86DB105A8C35C /* MemoModels.swift in Sources */ = {isa = PBXBuildFile; fileRef = 00F550AC8574A0D4AE259845 /* MemoModels.swift */; };
		FA0071DF67A30FCA26A136C9 /* HeaderModels.swift in Sources */ = {isa = PBXBuildFile; fileRef = 9F7F0F41AD51B7CB32E3488F /* HeaderModels.swift */; };
		FA7B5313357887E7480B22EA /* MigrationModels.swift in Sources */ = {isa = PBXBuildFile; fileRef = 02427C37B7278AE1313A9DF1 /* MigrationModels.swift */; };
		FAD6DDCF496E93DD778BD048 /* MfaBackupViewModel.swift in Sources */ = {isa = PBXBuildFile; fileRef = 0129EA0DCE5DF80AAFAA2754 /* MfaBackupViewModel.swift */; };
		FB083A58EEF205FF8C8BF771 /* StorageViewModel.swift in Sources */ = {isa = PBXBuildFile; fileRef = 98F34F578956918E87473D11 /* StorageViewModel.swift */; };
		FC42BA5FCECC1F910E2B0B23 /* BootService.swift in Sources */ = {isa = PBXBuildFile; fileRef = 7E0652DCB1FFCB8A13EC37A5 /* BootService.swift */; };
		FCD34789E35EF283F41D0B2B /* RegionDetailSheet.swift in Sources */ = {isa = PBXBuildFile; fileRef = 862473A1FB81D7426AB93224 /* RegionDetailSheet.swift */; };
		FEB0475B36D25F6714FDF31B /* EmptyStateView.swift in Sources */ = {isa = PBXBuildFile; fileRef = 6F8EC706B3C75EB8BAE77E1C /* EmptyStateView.swift */; };
/* End PBXBuildFile section */

/* Begin PBXFileReference section */
		0081C27570F247088F732615 /* View+Common.swift */ = {isa = PBXFileReference; lastKnownFileType = sourcecode.swift; path = "View+Common.swift"; sourceTree = "<group>"; };
		00F550AC8574A0D4AE259845 /* MemoModels.swift */ = {isa = PBXFileReference; lastKnownFileType = sourcecode.swift; path = MemoModels.swift; sourceTree = "<group>"; };
		0129EA0DCE5DF80AAFAA2754 /* MfaBackupViewModel.swift */ = {isa = PBXFileReference; lastKnownFileType = sourcecode.swift; path = MfaBackupViewModel.swift; sourceTree = "<group>"; };
		01763BD020DB696536445E64 /* EdgeOneView.swift */ = {isa = PBXFileReference; lastKnownFileType = sourcecode.swift; path = EdgeOneView.swift; sourceTree = "<group>"; };
		01D716CBEEC3E94A998EC853 /* SpeedTestModels.swift */ = {isa = PBXFileReference; lastKnownFileType = sourcecode.swift; path = SpeedTestModels.swift; sourceTree = "<group>"; };
		021007FA603EC2305003407D /* StorageView.swift */ = {isa = PBXFileReference; lastKnownFileType = sourcecode.swift; path = StorageView.swift; sourceTree = "<group>"; };
		0218C01955A7CB571A13B573 /* SystemLogsView.swift */ = {isa = PBXFileReference; lastKnownFileType = sourcecode.swift; path = SystemLogsView.swift; sourceTree = "<group>"; };
		02427C37B7278AE1313A9DF1 /* MigrationModels.swift */ = {isa = PBXFileReference; lastKnownFileType = sourcecode.swift; path = MigrationModels.swift; sourceTree = "<group>"; };
		03132EB885153D365E92EA7C /* AppTheme.swift */ = {isa = PBXFileReference; lastKnownFileType = sourcecode.swift; path = AppTheme.swift; sourceTree = "<group>"; };
		0358BCCB9C05DB278F262E15 /* MemoView.swift */ = {isa = PBXFileReference; lastKnownFileType = sourcecode.swift; path = MemoView.swift; sourceTree = "<group>"; };
		03906DA691D658994FB39444 /* RegionWorldMapView.swift */ = {isa = PBXFileReference; lastKnownFileType = sourcecode.swift; path = RegionWorldMapView.swift; sourceTree = "<group>"; };
		0CC02B0032EDCA73DF171581 /* BootSheets.swift */ = {isa = PBXFileReference; lastKnownFileType = sourcecode.swift; path = BootSheets.swift; sourceTree = "<group>"; };
		0DC1354DC22B7EF43519C39E /* TenantsModels.swift */ = {isa = PBXFileReference; lastKnownFileType = sourcecode.swift; path = TenantsModels.swift; sourceTree = "<group>"; };
		0E840EC0CF667084D1338035 /* MigrationViewModel.swift */ = {isa = PBXFileReference; lastKnownFileType = sourcecode.swift; path = MigrationViewModel.swift; sourceTree = "<group>"; };
		10334D3D828D0AEBDD679338 /* BootView.swift */ = {isa = PBXFileReference; lastKnownFileType = sourcecode.swift; path = BootView.swift; sourceTree = "<group>"; };
		1110FBCEA6C653D4E1692801 /* ProxyConfigModels.swift */ = {isa = PBXFileReference; lastKnownFileType = sourcecode.swift; path = ProxyConfigModels.swift; sourceTree = "<group>"; };
		11DE88360BB8EEE5F6EAAA54 /* EdgeOneSheets.swift */ = {isa = PBXFileReference; lastKnownFileType = sourcecode.swift; path = EdgeOneSheets.swift; sourceTree = "<group>"; };
		1302A85C8901F8CA70201100 /* RSAHelper.swift */ = {isa = PBXFileReference; lastKnownFileType = sourcecode.swift; path = RSAHelper.swift; sourceTree = "<group>"; };
		158778758CDF76A7DD528AF2 /* BootModels.swift */ = {isa = PBXFileReference; lastKnownFileType = sourcecode.swift; path = BootModels.swift; sourceTree = "<group>"; };
		162F95580D1CE5E421FFD16C /* BootDetailView.swift */ = {isa = PBXFileReference; lastKnownFileType = sourcecode.swift; path = BootDetailView.swift; sourceTree = "<group>"; };
		18BAC5C764F783E62D2B5011 /* MigrationService.swift */ = {isa = PBXFileReference; lastKnownFileType = sourcecode.swift; path = MigrationService.swift; sourceTree = "<group>"; };
		1F3BBD77C266F9937A6FA787 /* EmailView.swift */ = {isa = PBXFileReference; lastKnownFileType = sourcecode.swift; path = EmailView.swift; sourceTree = "<group>"; };
		24506B70C4FFCE810EAE9040 /* CloudflareSheets.swift */ = {isa = PBXFileReference; lastKnownFileType = sourcecode.swift; path = CloudflareSheets.swift; sourceTree = "<group>"; };
		25631DA826E3AF8EA9FDAA3B /* EmailModels.swift */ = {isa = PBXFileReference; lastKnownFileType = sourcecode.swift; path = EmailModels.swift; sourceTree = "<group>"; };
		27D7D3276CF9DA04ED990196 /* ContentHostViewController.swift */ = {isa = PBXFileReference; lastKnownFileType = sourcecode.swift; path = ContentHostViewController.swift; sourceTree = "<group>"; };
		2848A792CAB0182F7B487A93 /* LoginPalette.swift */ = {isa = PBXFileReference; lastKnownFileType = sourcecode.swift; path = LoginPalette.swift; sourceTree = "<group>"; };
		290B5AFC1FBF12586174E363 /* LoginField.swift */ = {isa = PBXFileReference; lastKnownFileType = sourcecode.swift; path = LoginField.swift; sourceTree = "<group>"; };
		2A777D1E64B092657B1EEC09 /* DataList.swift */ = {isa = PBXFileReference; lastKnownFileType = sourcecode.swift; path = DataList.swift; sourceTree = "<group>"; };
		2BFD2F1F741E28884631F316 /* URLSession+Compat.swift */ = {isa = PBXFileReference; lastKnownFileType = sourcecode.swift; path = "URLSession+Compat.swift"; sourceTree = "<group>"; };
		2F057B2EA8D8261D84480667 /* FilterBar.swift */ = {isa = PBXFileReference; lastKnownFileType = sourcecode.swift; path = FilterBar.swift; sourceTree = "<group>"; };
		32824657C39B9949AB89F5A0 /* IpQualityModels.swift */ = {isa = PBXFileReference; lastKnownFileType = sourcecode.swift; path = IpQualityModels.swift; sourceTree = "<group>"; };
		3303963FDF1FD56D2371F754 /* IpQualityService.swift */ = {isa = PBXFileReference; lastKnownFileType = sourcecode.swift; path = IpQualityService.swift; sourceTree = "<group>"; };
		335AAC0A1936FF5A187DF6A5 /* KeyConfigModels.swift */ = {isa = PBXFileReference; lastKnownFileType = sourcecode.swift; path = KeyConfigModels.swift; sourceTree = "<group>"; };
		345A38D425F245E68B09BAEC /* RegionsView.swift */ = {isa = PBXFileReference; lastKnownFileType = sourcecode.swift; path = RegionsView.swift; sourceTree = "<group>"; };
		37962C7668818B685875086F /* AiChatService.swift */ = {isa = PBXFileReference; lastKnownFileType = sourcecode.swift; path = AiChatService.swift; sourceTree = "<group>"; };
		38A26C9AA1384AD2E42777B8 /* SystemLogsViewModel.swift */ = {isa = PBXFileReference; lastKnownFileType = sourcecode.swift; path = SystemLogsViewModel.swift; sourceTree = "<group>"; };
		39C09819BDE296196C789980 /* CloudflareService.swift */ = {isa = PBXFileReference; lastKnownFileType = sourcecode.swift; path = CloudflareService.swift; sourceTree = "<group>"; };
		3A94467C0A8B3902E1FC86EA /* SecuritySettingsService.swift */ = {isa = PBXFileReference; lastKnownFileType = sourcecode.swift; path = SecuritySettingsService.swift; sourceTree = "<group>"; };
		3C842F6541541AD64D894C08 /* ApiTokensModels.swift */ = {isa = PBXFileReference; lastKnownFileType = sourcecode.swift; path = ApiTokensModels.swift; sourceTree = "<group>"; };
		3CBC227991D7DE764B45C965 /* AppAlert.swift */ = {isa = PBXFileReference; lastKnownFileType = sourcecode.swift; path = AppAlert.swift; sourceTree = "<group>"; };
		40870E962728BE0C83E3F39C /* MemoService.swift */ = {isa = PBXFileReference; lastKnownFileType = sourcecode.swift; path = MemoService.swift; sourceTree = "<group>"; };
		40A459F6906D8BAD66286EC3 /* AppSession.swift */ = {isa = PBXFileReference; lastKnownFileType = sourcecode.swift; path = AppSession.swift; sourceTree = "<group>"; };
		42252EE5971C8100C3B9BD37 /* SpeedTestViewModel.swift */ = {isa = PBXFileReference; lastKnownFileType = sourcecode.swift; path = SpeedTestViewModel.swift; sourceTree = "<group>"; };
		432282673E09EB48C3F7FDE3 /* TenantsView.swift */ = {isa = PBXFileReference; lastKnownFileType = sourcecode.swift; path = TenantsView.swift; sourceTree = "<group>"; };
		44211B21A91CCB6D2F97BA28 /* AppSheetChrome.swift */ = {isa = PBXFileReference; lastKnownFileType = sourcecode.swift; path = AppSheetChrome.swift; sourceTree = "<group>"; };
		489FD56D26AB5E774B0F430D /* MainWindowController.swift */ = {isa = PBXFileReference; lastKnownFileType = sourcecode.swift; path = MainWindowController.swift; sourceTree = "<group>"; };
		4B0D5AE9B1F12989DA465E59 /* InstancesService.swift */ = {isa = PBXFileReference; lastKnownFileType = sourcecode.swift; path = InstancesService.swift; sourceTree = "<group>"; };
		4D2853504FD88D1B6CD103A7 /* SecuritySettingsView.swift */ = {isa = PBXFileReference; lastKnownFileType = sourcecode.swift; path = SecuritySettingsView.swift; sourceTree = "<group>"; };
		4D61B8DA5414E0A534093D6C /* ApiTokensView.swift */ = {isa = PBXFileReference; lastKnownFileType = sourcecode.swift; path = ApiTokensView.swift; sourceTree = "<group>"; };
		4D997EF18FC5579C13EC64EF /* NotifyService.swift */ = {isa = PBXFileReference; lastKnownFileType = sourcecode.swift; path = NotifyService.swift; sourceTree = "<group>"; };
		4F1208A86E609E1417517DF5 /* MenuGlyph.swift */ = {isa = PBXFileReference; lastKnownFileType = sourcecode.swift; path = MenuGlyph.swift; sourceTree = "<group>"; };
		4FCBA0F26BCA1EAED6D7BFD3 /* ProxyConfigSheets.swift */ = {isa = PBXFileReference; lastKnownFileType = sourcecode.swift; path = ProxyConfigSheets.swift; sourceTree = "<group>"; };
		51569AB8A48C23680604655E /* EmailSheets.swift */ = {isa = PBXFileReference; lastKnownFileType = sourcecode.swift; path = EmailSheets.swift; sourceTree = "<group>"; };
		52EE349B8C593E23DA076517 /* NavigationCatalog.swift */ = {isa = PBXFileReference; lastKnownFileType = sourcecode.swift; path = NavigationCatalog.swift; sourceTree = "<group>"; };
		56373E0605ABBF7B2D84BB73 /* SelectOption.swift */ = {isa = PBXFileReference; lastKnownFileType = sourcecode.swift; path = SelectOption.swift; sourceTree = "<group>"; };
		5652D48AE00165524DAE460E /* MemoViewModel.swift */ = {isa = PBXFileReference; lastKnownFileType = sourcecode.swift; path = MemoViewModel.swift; sourceTree = "<group>"; };
		57CCEB2C5E9DA6959FAFA537 /* RegionsViewModel.swift */ = {isa = PBXFileReference; lastKnownFileType = sourcecode.swift; path = RegionsViewModel.swift; sourceTree = "<group>"; };
		5B022FF06B6F01A3C4C48B53 /* TopNavView.swift */ = {isa = PBXFileReference; lastKnownFileType = sourcecode.swift; path = TopNavView.swift; sourceTree = "<group>"; };
		5B9A8CD118ED92D261FE7D62 /* StorageService.swift */ = {isa = PBXFileReference; lastKnownFileType = sourcecode.swift; path = StorageService.swift; sourceTree = "<group>"; };
		5BBEC9EAA586024A7EC2A783 /* InstanceConsoleView.swift */ = {isa = PBXFileReference; lastKnownFileType = sourcecode.swift; path = InstanceConsoleView.swift; sourceTree = "<group>"; };
		5C77B4F2284F4E15A2456A47 /* CloudflareView.swift */ = {isa = PBXFileReference; lastKnownFileType = sourcecode.swift; path = CloudflareView.swift; sourceTree = "<group>"; };
		5C8331C0C9819AD1CD4D1DFF /* ProxyConfigView.swift */ = {isa = PBXFileReference; lastKnownFileType = sourcecode.swift; path = ProxyConfigView.swift; sourceTree = "<group>"; };
		5F1A4B0EFEAB00C28D006D5C /* LoadingOverlay.swift */ = {isa = PBXFileReference; lastKnownFileType = sourcecode.swift; path = LoadingOverlay.swift; sourceTree = "<group>"; };
		5F88E8E0A2A45E270C210A65 /* TenantDetailView.swift */ = {isa = PBXFileReference; lastKnownFileType = sourcecode.swift; path = TenantDetailView.swift; sourceTree = "<group>"; };
		62EF6A2F27CBBDD81C0D3A11 /* StatusBadge.swift */ = {isa = PBXFileReference; lastKnownFileType = sourcecode.swift; path = StatusBadge.swift; sourceTree = "<group>"; };
		64FB064E2B5310D241368A67 /* LoginView.swift */ = {isa = PBXFileReference; lastKnownFileType = sourcecode.swift; path = LoginView.swift; sourceTree = "<group>"; };
		653A54E16424EB87A0C696CD /* EdgeOneService.swift */ = {isa = PBXFileReference; lastKnownFileType = sourcecode.swift; path = EdgeOneService.swift; sourceTree = "<group>"; };
		65662A946C4732C2A75E6764 /* PlaceholderView.swift */ = {isa = PBXFileReference; lastKnownFileType = sourcecode.swift; path = PlaceholderView.swift; sourceTree = "<group>"; };
		6957E89A2AC4C0E5033AAEA3 /* ProxyConfigService.swift */ = {isa = PBXFileReference; lastKnownFileType = sourcecode.swift; path = ProxyConfigService.swift; sourceTree = "<group>"; };
		6AABE84DB5C8D3E6F2F0FEBB /* TenantAuditLogView.swift */ = {isa = PBXFileReference; lastKnownFileType = sourcecode.swift; path = TenantAuditLogView.swift; sourceTree = "<group>"; };
		6F8EC706B3C75EB8BAE77E1C /* EmptyStateView.swift */ = {isa = PBXFileReference; lastKnownFileType = sourcecode.swift; path = EmptyStateView.swift; sourceTree = "<group>"; };
		74262F0034C064B9D6A85D9A /* Errors.swift */ = {isa = PBXFileReference; lastKnownFileType = sourcecode.swift; path = Errors.swift; sourceTree = "<group>"; };
		759292C391910737FFB9D49F /* NavigationState.swift */ = {isa = PBXFileReference; lastKnownFileType = sourcecode.swift; path = NavigationState.swift; sourceTree = "<group>"; };
		79DA694C722191A69E08CF73 /* NotifyModels.swift */ = {isa = PBXFileReference; lastKnownFileType = sourcecode.swift; path = NotifyModels.swift; sourceTree = "<group>"; };
		7A8C17101D8E694E81A06680 /* SelectMenu.swift */ = {isa = PBXFileReference; lastKnownFileType = sourcecode.swift; path = SelectMenu.swift; sourceTree = "<group>"; };
		7B60DF5D143EAA008EA0D0A4 /* InstanceSSHView.swift */ = {isa = PBXFileReference; lastKnownFileType = sourcecode.swift; path = InstanceSSHView.swift; sourceTree = "<group>"; };
		7E0652DCB1FFCB8A13EC37A5 /* BootService.swift */ = {isa = PBXFileReference; lastKnownFileType = sourcecode.swift; path = BootService.swift; sourceTree = "<group>"; };
		83CD8904CA13BDE5C146E1C0 /* IpQualityView.swift */ = {isa = PBXFileReference; lastKnownFileType = sourcecode.swift; path = IpQualityView.swift; sourceTree = "<group>"; };
		8425C1FDE338958A0F98E6DD /* ModuleSettingsCard.swift */ = {isa = PBXFileReference; lastKnownFileType = sourcecode.swift; path = ModuleSettingsCard.swift; sourceTree = "<group>"; };
		851FC71FE3C4AD1E297412A6 /* SpeedTestView.swift */ = {isa = PBXFileReference; lastKnownFileType = sourcecode.swift; path = SpeedTestView.swift; sourceTree = "<group>"; };
		862473A1FB81D7426AB93224 /* RegionDetailSheet.swift */ = {isa = PBXFileReference; lastKnownFileType = sourcecode.swift; path = RegionDetailSheet.swift; sourceTree = "<group>"; };
		86C688ECFAB33376BCE4FF46 /* NavID.swift */ = {isa = PBXFileReference; lastKnownFileType = sourcecode.swift; path = NavID.swift; sourceTree = "<group>"; };
		89FC141D0A5B0998A0C92BB6 /* OpenLogsModels.swift */ = {isa = PBXFileReference; lastKnownFileType = sourcecode.swift; path = OpenLogsModels.swift; sourceTree = "<group>"; };
		8B920763223EA42CE9B71AAB /* MfaBackupView.swift */ = {isa = PBXFileReference; lastKnownFileType = sourcecode.swift; path = MfaBackupView.swift; sourceTree = "<group>"; };
		8C218889BA0855C224527D61 /* NativeWSClient.swift */ = {isa = PBXFileReference; lastKnownFileType = sourcecode.swift; path = NativeWSClient.swift; sourceTree = "<group>"; };
		8C3BCFD39E98B08323FDAE6C /* EdgeOneModels.swift */ = {isa = PBXFileReference; lastKnownFileType = sourcecode.swift; path = EdgeOneModels.swift; sourceTree = "<group>"; };
		8D074586CDD5438265ED11BB /* LoginFormModel.swift */ = {isa = PBXFileReference; lastKnownFileType = sourcecode.swift; path = LoginFormModel.swift; sourceTree = "<group>"; };
		8E7D15B95B84A6AC359D11A1 /* RegionFlagView.swift */ = {isa = PBXFileReference; lastKnownFileType = sourcecode.swift; path = RegionFlagView.swift; sourceTree = "<group>"; };
		9043941F5024C794E0805F6F /* OpenLogsView.swift */ = {isa = PBXFileReference; lastKnownFileType = sourcecode.swift; path = OpenLogsView.swift; sourceTree = "<group>"; };
		932F23678DD34C1D52809C02 /* IpQualityViewModel.swift */ = {isa = PBXFileReference; lastKnownFileType = sourcecode.swift; path = IpQualityViewModel.swift; sourceTree = "<group>"; };
		961823899CD82F4A64E6C42C /* TenantCostView.swift */ = {isa = PBXFileReference; lastKnownFileType = sourcecode.swift; path = TenantCostView.swift; sourceTree = "<group>"; };
		97B293BCBF1C75C717A9B6E4 /* LoginRightPanel.swift */ = {isa = PBXFileReference; lastKnownFileType = sourcecode.swift; path = LoginRightPanel.swift; sourceTree = "<group>"; };
		9818D7B29DDBEFBE75A29E7C /* VpsViewModel.swift */ = {isa = PBXFileReference; lastKnownFileType = sourcecode.swift; path = VpsViewModel.swift; sourceTree = "<group>"; };
		98F34F578956918E87473D11 /* StorageViewModel.swift */ = {isa = PBXFileReference; lastKnownFileType = sourcecode.swift; path = StorageViewModel.swift; sourceTree = "<group>"; };
		9A7F10A7A233A0BFA268F457 /* TenantQuotaView.swift */ = {isa = PBXFileReference; lastKnownFileType = sourcecode.swift; path = TenantQuotaView.swift; sourceTree = "<group>"; };
		9A879BF1533CC0A4D32842EE /* FormFields.swift */ = {isa = PBXFileReference; lastKnownFileType = sourcecode.swift; path = FormFields.swift; sourceTree = "<group>"; };
		9BC83BA273BCFF49FF50902F /* AiModelsView.swift */ = {isa = PBXFileReference; lastKnownFileType = sourcecode.swift; path = AiModelsView.swift; sourceTree = "<group>"; };
		9CDD7EA8CD0B4E9B4120884A /* SidebarView.swift */ = {isa = PBXFileReference; lastKnownFileType = sourcecode.swift; path = SidebarView.swift; sourceTree = "<group>"; };
		9DC2DA79CF04E5E83ABDD888 /* KeyConfigView.swift */ = {isa = PBXFileReference; lastKnownFileType = sourcecode.swift; path = KeyConfigView.swift; sourceTree = "<group>"; };
		9EA2A3C23521B3DB539228BF /* PageState.swift */ = {isa = PBXFileReference; lastKnownFileType = sourcecode.swift; path = PageState.swift; sourceTree = "<group>"; };
		9F2670A1516ED4A7D3F2AA60 /* OpenLogsSSEClient.swift */ = {isa = PBXFileReference; lastKnownFileType = sourcecode.swift; path = OpenLogsSSEClient.swift; sourceTree = "<group>"; };
		9F7F0F41AD51B7CB32E3488F /* HeaderModels.swift */ = {isa = PBXFileReference; lastKnownFileType = sourcecode.swift; path = HeaderModels.swift; sourceTree = "<group>"; };
		9FA6E056920C66A3AAB6CD76 /* AiChatView.swift */ = {isa = PBXFileReference; lastKnownFileType = sourcecode.swift; path = AiChatView.swift; sourceTree = "<group>"; };
		9FAC7509707070CA3F7FDAC9 /* TopNavChromeState.swift */ = {isa = PBXFileReference; lastKnownFileType = sourcecode.swift; path = TopNavChromeState.swift; sourceTree = "<group>"; };
		A0E093E542493B41F5EF82CC /* RegionsModels.swift */ = {isa = PBXFileReference; lastKnownFileType = sourcecode.swift; path = RegionsModels.swift; sourceTree = "<group>"; };
		A34FEBC427092DE2CC7942F5 /* DashboardViewModel.swift */ = {isa = PBXFileReference; lastKnownFileType = sourcecode.swift; path = DashboardViewModel.swift; sourceTree = "<group>"; };
		A42E5432CC9219A29D3EC0F5 /* SectionCard.swift */ = {isa = PBXFileReference; lastKnownFileType = sourcecode.swift; path = SectionCard.swift; sourceTree = "<group>"; };
		A4837FC71C0C5FAF398FF961 /* BackendController.swift */ = {isa = PBXFileReference; lastKnownFileType = sourcecode.swift; path = BackendController.swift; sourceTree = "<group>"; };
		A52CFBC200F8E46D152CB396 /* EdgeOneViewModel.swift */ = {isa = PBXFileReference; lastKnownFileType = sourcecode.swift; path = EdgeOneViewModel.swift; sourceTree = "<group>"; };
		A60B63F9E1AA298F2E8221A1 /* InstanceVnicView.swift */ = {isa = PBXFileReference; lastKnownFileType = sourcecode.swift; path = InstanceVnicView.swift; sourceTree = "<group>"; };
		A680A59227AF5AC5F7988E1A /* KeyConfigService.swift */ = {isa = PBXFileReference; lastKnownFileType = sourcecode.swift; path = KeyConfigService.swift; sourceTree = "<group>"; };
		A7749564DA59E1339249E3C0 /* TenantsService.swift */ = {isa = PBXFileReference; lastKnownFileType = sourcecode.swift; path = TenantsService.swift; sourceTree = "<group>"; };
		A788B7F3994FBDF14325A5E2 /* ToastCenter.swift */ = {isa = PBXFileReference; lastKnownFileType = sourcecode.swift; path = ToastCenter.swift; sourceTree = "<group>"; };
		A7FD1DD15EDBAB0F9294DF9A /* APIClient.swift */ = {isa = PBXFileReference; lastKnownFileType = sourcecode.swift; path = APIClient.swift; sourceTree = "<group>"; };
		A8C824ACB75E176CDCA69C09 /* MfaBackupModels.swift */ = {isa = PBXFileReference; lastKnownFileType = sourcecode.swift; path = MfaBackupModels.swift; sourceTree = "<group>"; };
		AC5C3F898C62F50B64CF789B /* InstancesModels.swift */ = {isa = PBXFileReference; lastKnownFileType = sourcecode.swift; path = InstancesModels.swift; sourceTree = "<group>"; };
		AD419ACBD34D22BCF139B837 /* DashboardModels.swift */ = {isa = PBXFileReference; lastKnownFileType = sourcecode.swift; path = DashboardModels.swift; sourceTree = "<group>"; };
		AD4356519D9FF1C342C127E9 /* NotifyViewModel.swift */ = {isa = PBXFileReference; lastKnownFileType = sourcecode.swift; path = NotifyViewModel.swift; sourceTree = "<group>"; };
		B1D231F92F664E524598A019 /* MenuBuilder.swift */ = {isa = PBXFileReference; lastKnownFileType = sourcecode.swift; path = MenuBuilder.swift; sourceTree = "<group>"; };
		B27417229F33D797CED6ADD8 /* EmailService.swift */ = {isa = PBXFileReference; lastKnownFileType = sourcecode.swift; path = EmailService.swift; sourceTree = "<group>"; };
		B34D6CDEAFB1CFD8D91F5C96 /* AiChatModels.swift */ = {isa = PBXFileReference; lastKnownFileType = sourcecode.swift; path = AiChatModels.swift; sourceTree = "<group>"; };
		B37789110BB0BB29EB452123 /* StorageSheets.swift */ = {isa = PBXFileReference; lastKnownFileType = sourcecode.swift; path = StorageSheets.swift; sourceTree = "<group>"; };
		B3DBF05D271317D78B40DF81 /* LoginCodeInput.swift */ = {isa = PBXFileReference; lastKnownFileType = sourcecode.swift; path = LoginCodeInput.swift; sourceTree = "<group>"; };
		B4ADE08C57091578E53DCA19 /* ApiTokensService.swift */ = {isa = PBXFileReference; lastKnownFileType = sourcecode.swift; path = ApiTokensService.swift; sourceTree = "<group>"; };
		B6ADD65B3D484EFBF0B833B3 /* DashboardView.swift */ = {isa = PBXFileReference; lastKnownFileType = sourcecode.swift; path = DashboardView.swift; sourceTree = "<group>"; };
		B73798FFCF9721AFD46BCE9F /* TerminalEmulatorView.swift */ = {isa = PBXFileReference; lastKnownFileType = sourcecode.swift; path = TerminalEmulatorView.swift; sourceTree = "<group>"; };
		BA60FF9432615ED1B8859A71 /* PaginationBar.swift */ = {isa = PBXFileReference; lastKnownFileType = sourcecode.swift; path = PaginationBar.swift; sourceTree = "<group>"; };
		BBB852D8A60827C15F4D898C /* FeatureRouter.swift */ = {isa = PBXFileReference; lastKnownFileType = sourcecode.swift; path = FeatureRouter.swift; sourceTree = "<group>"; };
		BC65045AB208D01105D13E47 /* DropdownHostingView.swift */ = {isa = PBXFileReference; lastKnownFileType = sourcecode.swift; path = DropdownHostingView.swift; sourceTree = "<group>"; };
		BD8641DCECE287574E5241C7 /* Info.plist */ = {isa = PBXFileReference; lastKnownFileType = text.plist; path = Info.plist; sourceTree = "<group>"; };
		BF67134CC88FA2911ABAE36B /* OciPool.app */ = {isa = PBXFileReference; explicitFileType = wrapper.application; includeInIndex = 0; path = OciPool.app; sourceTree = BUILT_PRODUCTS_DIR; };
		C34520952F7405265F850CC6 /* TenantRegionSubView.swift */ = {isa = PBXFileReference; lastKnownFileType = sourcecode.swift; path = TenantRegionSubView.swift; sourceTree = "<group>"; };
		C43B9129874D0FC784FC5D11 /* PrimaryButton.swift */ = {isa = PBXFileReference; lastKnownFileType = sourcecode.swift; path = PrimaryButton.swift; sourceTree = "<group>"; };
		C526B2906C125E79DAE82ACE /* OpenLogsService.swift */ = {isa = PBXFileReference; lastKnownFileType = sourcecode.swift; path = OpenLogsService.swift; sourceTree = "<group>"; };
		C71E0DBF39D0EDC113FABB08 /* TenantBootCreateView.swift */ = {isa = PBXFileReference; lastKnownFileType = sourcecode.swift; path = TenantBootCreateView.swift; sourceTree = "<group>"; };
		C81E56D04F71ED8E575D4DA8 /* NotifyView.swift */ = {isa = PBXFileReference; lastKnownFileType = sourcecode.swift; path = NotifyView.swift; sourceTree = "<group>"; };
		CC7492B414C2A10B5CD80F3F /* HeaderViewModel.swift */ = {isa = PBXFileReference; lastKnownFileType = sourcecode.swift; path = HeaderViewModel.swift; sourceTree = "<group>"; };
		CE77EEB37155937AA348DB22 /* SecuritySettingsModels.swift */ = {isa = PBXFileReference; lastKnownFileType = sourcecode.swift; path = SecuritySettingsModels.swift; sourceTree = "<group>"; };
		D031FB2485BEF7B2E765F8C1 /* MigrationView.swift */ = {isa = PBXFileReference; lastKnownFileType = sourcecode.swift; path = MigrationView.swift; sourceTree = "<group>"; };
		D06D9DAAC90B1D1E258DCF3E /* TenantTrafficView.swift */ = {isa = PBXFileReference; lastKnownFileType = sourcecode.swift; path = TenantTrafficView.swift; sourceTree = "<group>"; };
		D128D86A619A53AC5A7D6A85 /* TopNavDropdownOverlay.swift */ = {isa = PBXFileReference; lastKnownFileType = sourcecode.swift; path = TopNavDropdownOverlay.swift; sourceTree = "<group>"; };
		D1CABA029A5C204142524C88 /* ApiTokensViewModel.swift */ = {isa = PBXFileReference; lastKnownFileType = sourcecode.swift; path = ApiTokensViewModel.swift; sourceTree = "<group>"; };
		D32890E93158F350F82F051A /* InstanceSheets.swift */ = {isa = PBXFileReference; lastKnownFileType = sourcecode.swift; path = InstanceSheets.swift; sourceTree = "<group>"; };
		D4A8AD3B2CE9294F28C6322C /* BootViewModel.swift */ = {isa = PBXFileReference; lastKnownFileType = sourcecode.swift; path = BootViewModel.swift; sourceTree = "<group>"; };
		D6363AFD5E95EEFBEEA26450 /* VpsService.swift */ = {isa = PBXFileReference; lastKnownFileType = sourcecode.swift; path = VpsService.swift; sourceTree = "<group>"; };
		D71A58889451C11F5BA0F0A5 /* LoginForgotPasswordSheet.swift */ = {isa = PBXFileReference; lastKnownFileType = sourcecode.swift; path = LoginForgotPasswordSheet.swift; sourceTree = "<group>"; };
		D784276CCBC7B21E22DFDEC8 /* RootContainerViewController.swift */ = {isa = PBXFileReference; lastKnownFileType = sourcecode.swift; path = RootContainerViewController.swift; sourceTree = "<group>"; };
		D7B8E56C262961F0BAFAECDC /* Assets.xcassets */ = {isa = PBXFileReference; lastKnownFileType = folder.assetcatalog; path = Assets.xcassets; sourceTree = "<group>"; };
		D82D5DE1B058DEED274B9F56 /* MfaBackupService.swift */ = {isa = PBXFileReference; lastKnownFileType = sourcecode.swift; path = MfaBackupService.swift; sourceTree = "<group>"; };
		DBBC8872C9E4FE6B6B456BC9 /* InstancesView.swift */ = {isa = PBXFileReference; lastKnownFileType = sourcecode.swift; path = InstancesView.swift; sourceTree = "<group>"; };
		DDCA5F5346079498772E82B5 /* PageScaffold.swift */ = {isa = PBXFileReference; lastKnownFileType = sourcecode.swift; path = PageScaffold.swift; sourceTree = "<group>"; };
		DE66A84A0B050AE52E5FA497 /* AppNSTextField.swift */ = {isa = PBXFileReference; lastKnownFileType = sourcecode.swift; path = AppNSTextField.swift; sourceTree = "<group>"; };
		DF32ED46E39C733439C06AB8 /* AiChatViewModel.swift */ = {isa = PBXFileReference; lastKnownFileType = sourcecode.swift; path = AiChatViewModel.swift; sourceTree = "<group>"; };
		E02FA4B4004DBEDFD1E10C6B /* ProxyConfigViewModel.swift */ = {isa = PBXFileReference; lastKnownFileType = sourcecode.swift; path = ProxyConfigViewModel.swift; sourceTree = "<group>"; };
		E0369C192E513886EA40C347 /* SecuritySettingsViewModel.swift */ = {isa = PBXFileReference; lastKnownFileType = sourcecode.swift; path = SecuritySettingsViewModel.swift; sourceTree = "<group>"; };
		E19587BEDC33BD266ABA2188 /* MainShellViewController.swift */ = {isa = PBXFileReference; lastKnownFileType = sourcecode.swift; path = MainShellViewController.swift; sourceTree = "<group>"; };
		E3603D94AB1BAFFE452E7AB2 /* CloudflareModels.swift */ = {isa = PBXFileReference; lastKnownFileType = sourcecode.swift; path = CloudflareModels.swift; sourceTree = "<group>"; };
		E364567873E54CF61D4F3BD6 /* AuthService.swift */ = {isa = PBXFileReference; lastKnownFileType = sourcecode.swift; path = AuthService.swift; sourceTree = "<group>"; };
		E7578C1F0156EC0C34022837 /* TenantSheets.swift */ = {isa = PBXFileReference; lastKnownFileType = sourcecode.swift; path = TenantSheets.swift; sourceTree = "<group>"; };
		E80A6DAC1DD0D9B25F2A9B71 /* VpsModels.swift */ = {isa = PBXFileReference; lastKnownFileType = sourcecode.swift; path = VpsModels.swift; sourceTree = "<group>"; };
		E81D5B7252DDBCC21C34FD7E /* StorageModels.swift */ = {isa = PBXFileReference; lastKnownFileType = sourcecode.swift; path = StorageModels.swift; sourceTree = "<group>"; };
		E885C26CBC50963820778BF0 /* TenantSSEClient.swift */ = {isa = PBXFileReference; lastKnownFileType = sourcecode.swift; path = TenantSSEClient.swift; sourceTree = "<group>"; };
		EC38E4ACA4F99A86393CF371 /* AiModelsService.swift */ = {isa = PBXFileReference; lastKnownFileType = sourcecode.swift; path = AiModelsService.swift; sourceTree = "<group>"; };
		EC5E812017E74594E635D239 /* FloatingMenuDismiss.swift */ = {isa = PBXFileReference; lastKnownFileType = sourcecode.swift; path = FloatingMenuDismiss.swift; sourceTree = "<group>"; };
		ECE06A2B2BECE65B827D27F9 /* OciPool.entitlements */ = {isa = PBXFileReference; lastKnownFileType = text.plist.entitlements; path = OciPool.entitlements; sourceTree = "<group>"; };
		EF310E35D3F896AC5EE98756 /* AiModelsModels.swift */ = {isa = PBXFileReference; lastKnownFileType = sourcecode.swift; path = AiModelsModels.swift; sourceTree = "<group>"; };
		F050373CD899339437623964 /* OpenLogsViewModel.swift */ = {isa = PBXFileReference; lastKnownFileType = sourcecode.swift; path = OpenLogsViewModel.swift; sourceTree = "<group>"; };
		F17546C4ED1352E0B353D4F2 /* CloudflareViewModel.swift */ = {isa = PBXFileReference; lastKnownFileType = sourcecode.swift; path = CloudflareViewModel.swift; sourceTree = "<group>"; };
		F39CFEBA863BBBC79BD87D85 /* EmailViewModel.swift */ = {isa = PBXFileReference; lastKnownFileType = sourcecode.swift; path = EmailViewModel.swift; sourceTree = "<group>"; };
		F4C29011AD026615F9C88744 /* VpsListView.swift */ = {isa = PBXFileReference; lastKnownFileType = sourcecode.swift; path = VpsListView.swift; sourceTree = "<group>"; };
		F565EE50EFBB919A2795E5F9 /* KeyConfigViewModel.swift */ = {isa = PBXFileReference; lastKnownFileType = sourcecode.swift; path = KeyConfigViewModel.swift; sourceTree = "<group>"; };
		F77B56211ABB8F304D0D5CD1 /* AiModelsViewModel.swift */ = {isa = PBXFileReference; lastKnownFileType = sourcecode.swift; path = AiModelsViewModel.swift; sourceTree = "<group>"; };
		F89773EE6D107651CDFB3513 /* TenantUserManageView.swift */ = {isa = PBXFileReference; lastKnownFileType = sourcecode.swift; path = TenantUserManageView.swift; sourceTree = "<group>"; };
		FA518EB4034A1E323D1004A1 /* AppDelegate.swift */ = {isa = PBXFileReference; lastKnownFileType = sourcecode.swift; path = AppDelegate.swift; sourceTree = "<group>"; };
		FAF0091C19DFCDF81A0A079B /* main.swift */ = {isa = PBXFileReference; lastKnownFileType = sourcecode.swift; path = main.swift; sourceTree = "<group>"; };
		FBEE095B045B1A8D4F2F65FD /* SearchField.swift */ = {isa = PBXFileReference; lastKnownFileType = sourcecode.swift; path = SearchField.swift; sourceTree = "<group>"; };
		FC2EAEB6ABC274DAD38CED3A /* InstancesViewModel.swift */ = {isa = PBXFileReference; lastKnownFileType = sourcecode.swift; path = InstancesViewModel.swift; sourceTree = "<group>"; };
		FCA100C08F2726ED0159601E /* LoginHeroView.swift */ = {isa = PBXFileReference; lastKnownFileType = sourcecode.swift; path = LoginHeroView.swift; sourceTree = "<group>"; };
		FE06C9008FB086C09F22CB0A /* SystemLogsService.swift */ = {isa = PBXFileReference; lastKnownFileType = sourcecode.swift; path = SystemLogsService.swift; sourceTree = "<group>"; };
		FE6F74321F020EB02AB0F416 /* TenantsViewModel.swift */ = {isa = PBXFileReference; lastKnownFileType = sourcecode.swift; path = TenantsViewModel.swift; sourceTree = "<group>"; };
/* End PBXFileReference section */

/* Begin PBXGroup section */
		016305E2A9FB3468390B9A95 /* MfaBackup */ = {
			isa = PBXGroup;
			children = (
				A8C824ACB75E176CDCA69C09 /* MfaBackupModels.swift */,
				D82D5DE1B058DEED274B9F56 /* MfaBackupService.swift */,
				8B920763223EA42CE9B71AAB /* MfaBackupView.swift */,
				0129EA0DCE5DF80AAFAA2754 /* MfaBackupViewModel.swift */,
			);
			path = MfaBackup;
			sourceTree = "<group>";
		};
		036AF8EEA8F1335029BFCB64 /* Instances */ = {
			isa = PBXGroup;
			children = (
				5BBEC9EAA586024A7EC2A783 /* InstanceConsoleView.swift */,
				D32890E93158F350F82F051A /* InstanceSheets.swift */,
				AC5C3F898C62F50B64CF789B /* InstancesModels.swift */,
				4B0D5AE9B1F12989DA465E59 /* InstancesService.swift */,
				7B60DF5D143EAA008EA0D0A4 /* InstanceSSHView.swift */,
				DBBC8872C9E4FE6B6B456BC9 /* InstancesView.swift */,
				FC2EAEB6ABC274DAD38CED3A /* InstancesViewModel.swift */,
				A60B63F9E1AA298F2E8221A1 /* InstanceVnicView.swift */,
				8C218889BA0855C224527D61 /* NativeWSClient.swift */,
				B73798FFCF9721AFD46BCE9F /* TerminalEmulatorView.swift */,
			);
			path = Instances;
			sourceTree = "<group>";
		};
		05B2FB3331E515104C01868A /* Tenants */ = {
			isa = PBXGroup;
			children = (
				6AABE84DB5C8D3E6F2F0FEBB /* TenantAuditLogView.swift */,
				C71E0DBF39D0EDC113FABB08 /* TenantBootCreateView.swift */,
				961823899CD82F4A64E6C42C /* TenantCostView.swift */,
				5F88E8E0A2A45E270C210A65 /* TenantDetailView.swift */,
				9A7F10A7A233A0BFA268F457 /* TenantQuotaView.swift */,
				C34520952F7405265F850CC6 /* TenantRegionSubView.swift */,
				E7578C1F0156EC0C34022837 /* TenantSheets.swift */,
				0DC1354DC22B7EF43519C39E /* TenantsModels.swift */,
				E885C26CBC50963820778BF0 /* TenantSSEClient.swift */,
				A7749564DA59E1339249E3C0 /* TenantsService.swift */,
				432282673E09EB48C3F7FDE3 /* TenantsView.swift */,
				FE6F74321F020EB02AB0F416 /* TenantsViewModel.swift */,
				D06D9DAAC90B1D1E258DCF3E /* TenantTrafficView.swift */,
				F89773EE6D107651CDFB3513 /* TenantUserManageView.swift */,
			);
			path = Tenants;
			sourceTree = "<group>";
		};
		065F8CB3FB35D75393465530 /* Regions */ = {
			isa = PBXGroup;
			children = (
				862473A1FB81D7426AB93224 /* RegionDetailSheet.swift */,
				A0E093E542493B41F5EF82CC /* RegionsModels.swift */,
				345A38D425F245E68B09BAEC /* RegionsView.swift */,
				57CCEB2C5E9DA6959FAFA537 /* RegionsViewModel.swift */,
				03906DA691D658994FB39444 /* RegionWorldMapView.swift */,
			);
			path = Regions;
			sourceTree = "<group>";
		};
		07696FFDAA6979A985CDA788 /* Migration */ = {
			isa = PBXGroup;
			children = (
				02427C37B7278AE1313A9DF1 /* MigrationModels.swift */,
				18BAC5C764F783E62D2B5011 /* MigrationService.swift */,
				D031FB2485BEF7B2E765F8C1 /* MigrationView.swift */,
				0E840EC0CF667084D1338035 /* MigrationViewModel.swift */,
			);
			path = Migration;
			sourceTree = "<group>";
		};
		083C0B24FB226FAC4C9A4E67 /* ApiTokens */ = {
			isa = PBXGroup;
			children = (
				3C842F6541541AD64D894C08 /* ApiTokensModels.swift */,
				B4ADE08C57091578E53DCA19 /* ApiTokensService.swift */,
				4D61B8DA5414E0A534093D6C /* ApiTokensView.swift */,
				D1CABA029A5C204142524C88 /* ApiTokensViewModel.swift */,
			);
			path = ApiTokens;
			sourceTree = "<group>";
		};
		102929BB5D42FBFE8B368A57 /* Header */ = {
			isa = PBXGroup;
			children = (
				9F7F0F41AD51B7CB32E3488F /* HeaderModels.swift */,
				CC7492B414C2A10B5CD80F3F /* HeaderViewModel.swift */,
				9FAC7509707070CA3F7FDAC9 /* TopNavChromeState.swift */,
			);
			path = Header;
			sourceTree = "<group>";
		};
		19B8E203206BC4FBDFF40FDF /* Notify */ = {
			isa = PBXGroup;
			children = (
				79DA694C722191A69E08CF73 /* NotifyModels.swift */,
				4D997EF18FC5579C13EC64EF /* NotifyService.swift */,
				C81E56D04F71ED8E575D4DA8 /* NotifyView.swift */,
				AD4356519D9FF1C342C127E9 /* NotifyViewModel.swift */,
			);
			path = Notify;
			sourceTree = "<group>";
		};
		1E2CA765977C651238AC0C20 /* Vps */ = {
			isa = PBXGroup;
			children = (
				F4C29011AD026615F9C88744 /* VpsListView.swift */,
				E80A6DAC1DD0D9B25F2A9B71 /* VpsModels.swift */,
				D6363AFD5E95EEFBEEA26450 /* VpsService.swift */,
				9818D7B29DDBEFBE75A29E7C /* VpsViewModel.swift */,
			);
			path = Vps;
			sourceTree = "<group>";
		};
		29A52458B0160E1E2A58AA31 /* ProxyConfig */ = {
			isa = PBXGroup;
			children = (
				1110FBCEA6C653D4E1692801 /* ProxyConfigModels.swift */,
				6957E89A2AC4C0E5033AAEA3 /* ProxyConfigService.swift */,
				4FCBA0F26BCA1EAED6D7BFD3 /* ProxyConfigSheets.swift */,
				5C8331C0C9819AD1CD4D1DFF /* ProxyConfigView.swift */,
				E02FA4B4004DBEDFD1E10C6B /* ProxyConfigViewModel.swift */,
			);
			path = ProxyConfig;
			sourceTree = "<group>";
		};
		310180FBFC538AE42E3CBF63 /* AiChat */ = {
			isa = PBXGroup;
			children = (
				B34D6CDEAFB1CFD8D91F5C96 /* AiChatModels.swift */,
				37962C7668818B685875086F /* AiChatService.swift */,
				9FA6E056920C66A3AAB6CD76 /* AiChatView.swift */,
				DF32ED46E39C733439C06AB8 /* AiChatViewModel.swift */,
			);
			path = AiChat;
			sourceTree = "<group>";
		};
		435FFF325F3611931E33C524 /* SpeedTest */ = {
			isa = PBXGroup;
			children = (
				01D716CBEEC3E94A998EC853 /* SpeedTestModels.swift */,
				851FC71FE3C4AD1E297412A6 /* SpeedTestView.swift */,
				42252EE5971C8100C3B9BD37 /* SpeedTestViewModel.swift */,
			);
			path = SpeedTest;
			sourceTree = "<group>";
		};
		529315BBEC286D719F123736 /* Dashboard */ = {
			isa = PBXGroup;
			children = (
				AD419ACBD34D22BCF139B837 /* DashboardModels.swift */,
				B6ADD65B3D484EFBF0B833B3 /* DashboardView.swift */,
				A34FEBC427092DE2CC7942F5 /* DashboardViewModel.swift */,
			);
			path = Dashboard;
			sourceTree = "<group>";
		};
		5A70AAAD37CA9B78C032224A /* Email */ = {
			isa = PBXGroup;
			children = (
				25631DA826E3AF8EA9FDAA3B /* EmailModels.swift */,
				B27417229F33D797CED6ADD8 /* EmailService.swift */,
				51569AB8A48C23680604655E /* EmailSheets.swift */,
				1F3BBD77C266F9937A6FA787 /* EmailView.swift */,
				F39CFEBA863BBBC79BD87D85 /* EmailViewModel.swift */,
			);
			path = Email;
			sourceTree = "<group>";
		};
		5E8AE7DB6CB574D3DECB6F0F /* Common */ = {
			isa = PBXGroup;
			children = (
				A7DD92BFD8B92A95D5037C47 /* Components */,
				A9543C389B8C266CFA3FAB79 /* Extensions */,
				F7EA77702503D9C780BB4949 /* Models */,
			);
			path = Common;
			sourceTree = "<group>";
		};
		5F45363432E59E5645FDD32A /* Products */ = {
			isa = PBXGroup;
			children = (
				BF67134CC88FA2911ABAE36B /* OciPool.app */,
			);
			name = Products;
			sourceTree = "<group>";
		};
		643189C38FE94F3361B67128 /* Features */ = {
			isa = PBXGroup;
			children = (
				310180FBFC538AE42E3CBF63 /* AiChat */,
				A9FD591A7863954AD150C225 /* AiModels */,
				083C0B24FB226FAC4C9A4E67 /* ApiTokens */,
				E7E4A230351BB4673ED27F20 /* Boot */,
				ABBCE76316268E9928CD66D3 /* Cloudflare */,
				529315BBEC286D719F123736 /* Dashboard */,
				A6B4AC1643BAF4DD81037BCF /* EdgeOne */,
				5A70AAAD37CA9B78C032224A /* Email */,
				102929BB5D42FBFE8B368A57 /* Header */,
				036AF8EEA8F1335029BFCB64 /* Instances */,
				D69A9D6750B2EB39C78EDDAB /* IpQuality */,
				8B252E9763B9612E1C8C40D3 /* KeyConfig */,
				72BC73F16CFCF2DBB0800481 /* Login */,
				E49A556D28B3B79CFA0BF3D9 /* Memo */,
				016305E2A9FB3468390B9A95 /* MfaBackup */,
				07696FFDAA6979A985CDA788 /* Migration */,
				19B8E203206BC4FBDFF40FDF /* Notify */,
				FD7D088CDD69CB13661BEC9A /* OpenLogs */,
				FCB77476A5DD2EB499A2A074 /* Placeholder */,
				29A52458B0160E1E2A58AA31 /* ProxyConfig */,
				065F8CB3FB35D75393465530 /* Regions */,
				6F5944C6A4C68A4E7065B7F6 /* SecuritySettings */,
				435FFF325F3611931E33C524 /* SpeedTest */,
				9F33A625DF410DA578CAEB02 /* Storage */,
				AB2D03324974FA92534A9340 /* SystemLogs */,
				05B2FB3331E515104C01868A /* Tenants */,
				1E2CA765977C651238AC0C20 /* Vps */,
			);
			path = Features;
			sourceTree = "<group>";
		};
		6E2F9CA5DB7C27D1C2566CAF /* Supporting */ = {
			isa = PBXGroup;
			children = (
				03132EB885153D365E92EA7C /* AppTheme.swift */,
			);
			path = Supporting;
			sourceTree = "<group>";
		};
		6F5944C6A4C68A4E7065B7F6 /* SecuritySettings */ = {
			isa = PBXGroup;
			children = (
				CE77EEB37155937AA348DB22 /* SecuritySettingsModels.swift */,
				3A94467C0A8B3902E1FC86EA /* SecuritySettingsService.swift */,
				4D2853504FD88D1B6CD103A7 /* SecuritySettingsView.swift */,
				E0369C192E513886EA40C347 /* SecuritySettingsViewModel.swift */,
			);
			path = SecuritySettings;
			sourceTree = "<group>";
		};
		72BC73F16CFCF2DBB0800481 /* Login */ = {
			isa = PBXGroup;
			children = (
				B3DBF05D271317D78B40DF81 /* LoginCodeInput.swift */,
				290B5AFC1FBF12586174E363 /* LoginField.swift */,
				D71A58889451C11F5BA0F0A5 /* LoginForgotPasswordSheet.swift */,
				8D074586CDD5438265ED11BB /* LoginFormModel.swift */,
				FCA100C08F2726ED0159601E /* LoginHeroView.swift */,
				2848A792CAB0182F7B487A93 /* LoginPalette.swift */,
				97B293BCBF1C75C717A9B6E4 /* LoginRightPanel.swift */,
				64FB064E2B5310D241368A67 /* LoginView.swift */,
			);
			path = Login;
			sourceTree = "<group>";
		};
		82356C93F88F66795382E50B /* Core */ = {
			isa = PBXGroup;
			children = (
				A7FD1DD15EDBAB0F9294DF9A /* APIClient.swift */,
				40A459F6906D8BAD66286EC3 /* AppSession.swift */,
				E364567873E54CF61D4F3BD6 /* AuthService.swift */,
				A4837FC71C0C5FAF398FF961 /* BackendController.swift */,
				74262F0034C064B9D6A85D9A /* Errors.swift */,
				1302A85C8901F8CA70201100 /* RSAHelper.swift */,
				2BFD2F1F741E28884631F316 /* URLSession+Compat.swift */,
			);
			path = Core;
			sourceTree = "<group>";
		};
		88CE6A27C96EEC0A62E76C8D /* OciPool */ = {
			isa = PBXGroup;
			children = (
				D7B8E56C262961F0BAFAECDC /* Assets.xcassets */,
				BD8641DCECE287574E5241C7 /* Info.plist */,
				ECE06A2B2BECE65B827D27F9 /* OciPool.entitlements */,
				CCEFF17972CE08870BD57133 /* App */,
				5E8AE7DB6CB574D3DECB6F0F /* Common */,
				82356C93F88F66795382E50B /* Core */,
				643189C38FE94F3361B67128 /* Features */,
				F0CD5DC0D0212C1849A27883 /* Navigation */,
				6E2F9CA5DB7C27D1C2566CAF /* Supporting */,
			);
			path = OciPool;
			sourceTree = "<group>";
		};
		8B252E9763B9612E1C8C40D3 /* KeyConfig */ = {
			isa = PBXGroup;
			children = (
				335AAC0A1936FF5A187DF6A5 /* KeyConfigModels.swift */,
				A680A59227AF5AC5F7988E1A /* KeyConfigService.swift */,
				9DC2DA79CF04E5E83ABDD888 /* KeyConfigView.swift */,
				F565EE50EFBB919A2795E5F9 /* KeyConfigViewModel.swift */,
			);
			path = KeyConfig;
			sourceTree = "<group>";
		};
		964103D7A6D8C14E5C0BB922 = {
			isa = PBXGroup;
			children = (
				88CE6A27C96EEC0A62E76C8D /* OciPool */,
				5F45363432E59E5645FDD32A /* Products */,
			);
			indentWidth = 4;
			sourceTree = "<group>";
			tabWidth = 4;
		};
		9F33A625DF410DA578CAEB02 /* Storage */ = {
			isa = PBXGroup;
			children = (
				E81D5B7252DDBCC21C34FD7E /* StorageModels.swift */,
				5B9A8CD118ED92D261FE7D62 /* StorageService.swift */,
				B37789110BB0BB29EB452123 /* StorageSheets.swift */,
				021007FA603EC2305003407D /* StorageView.swift */,
				98F34F578956918E87473D11 /* StorageViewModel.swift */,
			);
			path = Storage;
			sourceTree = "<group>";
		};
		A6B4AC1643BAF4DD81037BCF /* EdgeOne */ = {
			isa = PBXGroup;
			children = (
				8C3BCFD39E98B08323FDAE6C /* EdgeOneModels.swift */,
				653A54E16424EB87A0C696CD /* EdgeOneService.swift */,
				11DE88360BB8EEE5F6EAAA54 /* EdgeOneSheets.swift */,
				01763BD020DB696536445E64 /* EdgeOneView.swift */,
				A52CFBC200F8E46D152CB396 /* EdgeOneViewModel.swift */,
			);
			path = EdgeOne;
			sourceTree = "<group>";
		};
		A7DD92BFD8B92A95D5037C47 /* Components */ = {
			isa = PBXGroup;
			children = (
				3CBC227991D7DE764B45C965 /* AppAlert.swift */,
				DE66A84A0B050AE52E5FA497 /* AppNSTextField.swift */,
				44211B21A91CCB6D2F97BA28 /* AppSheetChrome.swift */,
				2A777D1E64B092657B1EEC09 /* DataList.swift */,
				6F8EC706B3C75EB8BAE77E1C /* EmptyStateView.swift */,
				2F057B2EA8D8261D84480667 /* FilterBar.swift */,
				EC5E812017E74594E635D239 /* FloatingMenuDismiss.swift */,
				9A879BF1533CC0A4D32842EE /* FormFields.swift */,
				5F1A4B0EFEAB00C28D006D5C /* LoadingOverlay.swift */,
				8425C1FDE338958A0F98E6DD /* ModuleSettingsCard.swift */,
				DDCA5F5346079498772E82B5 /* PageScaffold.swift */,
				BA60FF9432615ED1B8859A71 /* PaginationBar.swift */,
				C43B9129874D0FC784FC5D11 /* PrimaryButton.swift */,
				8E7D15B95B84A6AC359D11A1 /* RegionFlagView.swift */,
				FBEE095B045B1A8D4F2F65FD /* SearchField.swift */,
				A42E5432CC9219A29D3EC0F5 /* SectionCard.swift */,
				7A8C17101D8E694E81A06680 /* SelectMenu.swift */,
				62EF6A2F27CBBDD81C0D3A11 /* StatusBadge.swift */,
				A788B7F3994FBDF14325A5E2 /* ToastCenter.swift */,
			);
			path = Components;
			sourceTree = "<group>";
		};
		A9543C389B8C266CFA3FAB79 /* Extensions */ = {
			isa = PBXGroup;
			children = (
				0081C27570F247088F732615 /* View+Common.swift */,
			);
			path = Extensions;
			sourceTree = "<group>";
		};
		A9FD591A7863954AD150C225 /* AiModels */ = {
			isa = PBXGroup;
			children = (
				EF310E35D3F896AC5EE98756 /* AiModelsModels.swift */,
				EC38E4ACA4F99A86393CF371 /* AiModelsService.swift */,
				9BC83BA273BCFF49FF50902F /* AiModelsView.swift */,
				F77B56211ABB8F304D0D5CD1 /* AiModelsViewModel.swift */,
			);
			path = AiModels;
			sourceTree = "<group>";
		};
		AB2D03324974FA92534A9340 /* SystemLogs */ = {
			isa = PBXGroup;
			children = (
				FE06C9008FB086C09F22CB0A /* SystemLogsService.swift */,
				0218C01955A7CB571A13B573 /* SystemLogsView.swift */,
				38A26C9AA1384AD2E42777B8 /* SystemLogsViewModel.swift */,
			);
			path = SystemLogs;
			sourceTree = "<group>";
		};
		ABBCE76316268E9928CD66D3 /* Cloudflare */ = {
			isa = PBXGroup;
			children = (
				E3603D94AB1BAFFE452E7AB2 /* CloudflareModels.swift */,
				39C09819BDE296196C789980 /* CloudflareService.swift */,
				24506B70C4FFCE810EAE9040 /* CloudflareSheets.swift */,
				5C77B4F2284F4E15A2456A47 /* CloudflareView.swift */,
				F17546C4ED1352E0B353D4F2 /* CloudflareViewModel.swift */,
			);
			path = Cloudflare;
			sourceTree = "<group>";
		};
		CCEFF17972CE08870BD57133 /* App */ = {
			isa = PBXGroup;
			children = (
				FA518EB4034A1E323D1004A1 /* AppDelegate.swift */,
				BC65045AB208D01105D13E47 /* DropdownHostingView.swift */,
				FAF0091C19DFCDF81A0A079B /* main.swift */,
				E19587BEDC33BD266ABA2188 /* MainShellViewController.swift */,
				489FD56D26AB5E774B0F430D /* MainWindowController.swift */,
				B1D231F92F664E524598A019 /* MenuBuilder.swift */,
				D784276CCBC7B21E22DFDEC8 /* RootContainerViewController.swift */,
				D128D86A619A53AC5A7D6A85 /* TopNavDropdownOverlay.swift */,
				5B022FF06B6F01A3C4C48B53 /* TopNavView.swift */,
			);
			path = App;
			sourceTree = "<group>";
		};
		D69A9D6750B2EB39C78EDDAB /* IpQuality */ = {
			isa = PBXGroup;
			children = (
				32824657C39B9949AB89F5A0 /* IpQualityModels.swift */,
				3303963FDF1FD56D2371F754 /* IpQualityService.swift */,
				83CD8904CA13BDE5C146E1C0 /* IpQualityView.swift */,
				932F23678DD34C1D52809C02 /* IpQualityViewModel.swift */,
			);
			path = IpQuality;
			sourceTree = "<group>";
		};
		E49A556D28B3B79CFA0BF3D9 /* Memo */ = {
			isa = PBXGroup;
			children = (
				00F550AC8574A0D4AE259845 /* MemoModels.swift */,
				40870E962728BE0C83E3F39C /* MemoService.swift */,
				0358BCCB9C05DB278F262E15 /* MemoView.swift */,
				5652D48AE00165524DAE460E /* MemoViewModel.swift */,
			);
			path = Memo;
			sourceTree = "<group>";
		};
		E7E4A230351BB4673ED27F20 /* Boot */ = {
			isa = PBXGroup;
			children = (
				162F95580D1CE5E421FFD16C /* BootDetailView.swift */,
				158778758CDF76A7DD528AF2 /* BootModels.swift */,
				7E0652DCB1FFCB8A13EC37A5 /* BootService.swift */,
				0CC02B0032EDCA73DF171581 /* BootSheets.swift */,
				10334D3D828D0AEBDD679338 /* BootView.swift */,
				D4A8AD3B2CE9294F28C6322C /* BootViewModel.swift */,
			);
			path = Boot;
			sourceTree = "<group>";
		};
		F0CD5DC0D0212C1849A27883 /* Navigation */ = {
			isa = PBXGroup;
			children = (
				27D7D3276CF9DA04ED990196 /* ContentHostViewController.swift */,
				BBB852D8A60827C15F4D898C /* FeatureRouter.swift */,
				4F1208A86E609E1417517DF5 /* MenuGlyph.swift */,
				86C688ECFAB33376BCE4FF46 /* NavID.swift */,
				52EE349B8C593E23DA076517 /* NavigationCatalog.swift */,
				759292C391910737FFB9D49F /* NavigationState.swift */,
				9CDD7EA8CD0B4E9B4120884A /* SidebarView.swift */,
			);
			path = Navigation;
			sourceTree = "<group>";
		};
		F7EA77702503D9C780BB4949 /* Models */ = {
			isa = PBXGroup;
			children = (
				9EA2A3C23521B3DB539228BF /* PageState.swift */,
				56373E0605ABBF7B2D84BB73 /* SelectOption.swift */,
			);
			path = Models;
			sourceTree = "<group>";
		};
		FCB77476A5DD2EB499A2A074 /* Placeholder */ = {
			isa = PBXGroup;
			children = (
				65662A946C4732C2A75E6764 /* PlaceholderView.swift */,
			);
			path = Placeholder;
			sourceTree = "<group>";
		};
		FD7D088CDD69CB13661BEC9A /* OpenLogs */ = {
			isa = PBXGroup;
			children = (
				89FC141D0A5B0998A0C92BB6 /* OpenLogsModels.swift */,
				C526B2906C125E79DAE82ACE /* OpenLogsService.swift */,
				9F2670A1516ED4A7D3F2AA60 /* OpenLogsSSEClient.swift */,
				9043941F5024C794E0805F6F /* OpenLogsView.swift */,
				F050373CD899339437623964 /* OpenLogsViewModel.swift */,
			);
			path = OpenLogs;
			sourceTree = "<group>";
		};
/* End PBXGroup section */

/* Begin PBXNativeTarget section */
		D36C070D9BD424EA68A14A99 /* OciPool */ = {
			isa = PBXNativeTarget;
			buildConfigurationList = 5BD51699708DBD96AEAA8344 /* Build configuration list for PBXNativeTarget "OciPool" */;
			buildPhases = (
				C81B9E731A49FDE6DB32CF6F /* Sources */,
				667866C8E68169EE2B1346E9 /* Resources */,
			);
			buildRules = (
			);
			dependencies = (
			);
			name = OciPool;
			packageProductDependencies = (
			);
			productName = OciPool;
			productReference = BF67134CC88FA2911ABAE36B /* OciPool.app */;
			productType = "com.apple.product-type.application";
		};
/* End PBXNativeTarget section */

/* Begin PBXProject section */
		85230C8BA3C7F9A33C3A1F95 /* Project object */ = {
			isa = PBXProject;
			attributes = {
				BuildIndependentTargetsInParallel = YES;
				LastUpgradeCheck = 1430;
				TargetAttributes = {
					D36C070D9BD424EA68A14A99 = {
						ProvisioningStyle = Automatic;
					};
				};
			};
			buildConfigurationList = 835CD3F61ADF5C086E9CC7A3 /* Build configuration list for PBXProject "OciPool" */;
			developmentRegion = en;
			hasScannedForEncodings = 0;
			knownRegions = (
				Base,
				en,
			);
			mainGroup = 964103D7A6D8C14E5C0BB922;
			minimizedProjectReferenceProxies = 1;
			preferredProjectObjectVersion = 77;
			productRefGroup = 5F45363432E59E5645FDD32A /* Products */;
			projectDirPath = "";
			projectRoot = "";
			targets = (
				D36C070D9BD424EA68A14A99 /* OciPool */,
			);
		};
/* End PBXProject section */

/* Begin PBXResourcesBuildPhase section */
		667866C8E68169EE2B1346E9 /* Resources */ = {
			isa = PBXResourcesBuildPhase;
			buildActionMask = 2147483647;
			files = (
				A94FDC937A4C507264060CE1 /* Assets.xcassets in Resources */,
			);
			runOnlyForDeploymentPostprocessing = 0;
		};
/* End PBXResourcesBuildPhase section */

/* Begin PBXSourcesBuildPhase section */
		C81B9E731A49FDE6DB32CF6F /* Sources */ = {
			isa = PBXSourcesBuildPhase;
			buildActionMask = 2147483647;
			files = (
				DD4597DCA8812D4E3827C4C3 /* APIClient.swift in Sources */,
				43F008677F980AE84A1ABA4F /* AiChatModels.swift in Sources */,
				C9F6F70E0298BFA350B38080 /* AiChatService.swift in Sources */,
				47947DCB19F34A122683DB26 /* AiChatView.swift in Sources */,
				1036B3293B62BACBBC58DEA5 /* AiChatViewModel.swift in Sources */,
				29F8022DD68CCBD23D67D168 /* AiModelsModels.swift in Sources */,
				E587B999BFAA0C8FF1FE2FA5 /* AiModelsService.swift in Sources */,
				826DD51D05F333C4BF4D424B /* AiModelsView.swift in Sources */,
				05878C5C8E399C090798F11C /* AiModelsViewModel.swift in Sources */,
				D45AF7471B3CD0C2233320F9 /* ApiTokensModels.swift in Sources */,
				D3E98A74DB88C4CC29F8095E /* ApiTokensService.swift in Sources */,
				4E98EAC72D17DCF0BADFFE50 /* ApiTokensView.swift in Sources */,
				465819228E9F618DF5FCC727 /* ApiTokensViewModel.swift in Sources */,
				20120F59506CEB21888794BC /* AppAlert.swift in Sources */,
				F611F59DD2776E27958530C4 /* AppDelegate.swift in Sources */,
				7AE4E1C18A9AA75FEEF5551B /* AppNSTextField.swift in Sources */,
				A56651ACFD0FE5C413C6B1B6 /* AppSession.swift in Sources */,
				97F63DBFD9071BCE70F369B0 /* AppSheetChrome.swift in Sources */,
				B2CCA2BB18D2E87B8F51A92F /* AppTheme.swift in Sources */,
				A135A4ED22E63E6C848C0C72 /* AuthService.swift in Sources */,
				858B3E978A8CE311E2F3ABDD /* BackendController.swift in Sources */,
				42A6C14E19A9738050C4CC37 /* BootDetailView.swift in Sources */,
				AF073249F3ED6C948605F476 /* BootModels.swift in Sources */,
				FC42BA5FCECC1F910E2B0B23 /* BootService.swift in Sources */,
				8DD600339E840B41122EFA05 /* BootSheets.swift in Sources */,
				95FB697AC28D397E8BFAA01A /* BootView.swift in Sources */,
				E703ABB6DDB3C584FA78E6BA /* BootViewModel.swift in Sources */,
				64099178A2CA75A5AD19D1B1 /* CloudflareModels.swift in Sources */,
				731380D27CCDE6D3DC472D97 /* CloudflareService.swift in Sources */,
				1DA3D5D35AA3D7C4B08B6A5B /* CloudflareSheets.swift in Sources */,
				D7A03F84DCF8C56468674D39 /* CloudflareView.swift in Sources */,
				D46AB478A7846C0BDF997184 /* CloudflareViewModel.swift in Sources */,
				DB5AD1477E862CE1BC521F82 /* ContentHostViewController.swift in Sources */,
				83352710A89C27131608F022 /* DashboardModels.swift in Sources */,
				1195A4C940B413B4A71DF9B9 /* DashboardView.swift in Sources */,
				4E0E766B149DD7577CDC6DD2 /* DashboardViewModel.swift in Sources */,
				79181BCDF6F14A98C3CDD013 /* DataList.swift in Sources */,
				1047D7D72F2648C13AFC31C6 /* DropdownHostingView.swift in Sources */,
				D9A7D22C6999E2658B9D9A91 /* EdgeOneModels.swift in Sources */,
				40FD6BD36612A10AC425DF68 /* EdgeOneService.swift in Sources */,
				B0BEFE44A9F68A67224EEDE4 /* EdgeOneSheets.swift in Sources */,
				C8D791A50FB9783781F18EA4 /* EdgeOneView.swift in Sources */,
				0AC8F06B502C828BF1AA1795 /* EdgeOneViewModel.swift in Sources */,
				1F3CEDF8E9CAA01E3B5E5FF9 /* EmailModels.swift in Sources */,
				AA490C5985A8F6E36A128BE8 /* EmailService.swift in Sources */,
				87B19F581140FC6E6ED8446B /* EmailSheets.swift in Sources */,
				8E66603E3CEB0863AA477D91 /* EmailView.swift in Sources */,
				664258FC7ECDB1E62533BAD8 /* EmailViewModel.swift in Sources */,
				FEB0475B36D25F6714FDF31B /* EmptyStateView.swift in Sources */,
				C16C13899FC3B0DA35660ECA /* Errors.swift in Sources */,
				DF45005E86C0EC80A3001B14 /* FeatureRouter.swift in Sources */,
				B2AE0C00807FB5B177976A8C /* FilterBar.swift in Sources */,
				F296D86435E1396A7E7C4049 /* FloatingMenuDismiss.swift in Sources */,
				18A1CA9A028AC79615B4661C /* FormFields.swift in Sources */,
				FA0071DF67A30FCA26A136C9 /* HeaderModels.swift in Sources */,
				48E44BDCD681BC30DFF8C359 /* HeaderViewModel.swift in Sources */,
				B423EF53908AB498286DD7BC /* InstanceConsoleView.swift in Sources */,
				56B5F5715BACECB76C4ED70E /* InstanceSSHView.swift in Sources */,
				BFE0C18AFAD6FD49BA5CE00F /* InstanceSheets.swift in Sources */,
				0D04CEBB032B48FC1950FC5D /* InstanceVnicView.swift in Sources */,
				6890647F370832DB3A02403D /* InstancesModels.swift in Sources */,
				945F5568A99FB5FEE414EA53 /* InstancesService.swift in Sources */,
				8109B3A984CBA32CE308D254 /* InstancesView.swift in Sources */,
				75EA5D905BD7137807A88FBF /* InstancesViewModel.swift in Sources */,
				F5EFBB1C54F9513BBD0165A9 /* IpQualityModels.swift in Sources */,
				91AF4B932B08B788EAA36AFE /* IpQualityService.swift in Sources */,
				895FB190BDFB4FDD2AB1A83E /* IpQualityView.swift in Sources */,
				2FB229544BFD79AF25B28D47 /* IpQualityViewModel.swift in Sources */,
				0E873E387CFCCD84AE8D6461 /* KeyConfigModels.swift in Sources */,
				5534DC741BD72CFC3D32149A /* KeyConfigService.swift in Sources */,
				18B82090DEE90A12C82885E1 /* KeyConfigView.swift in Sources */,
				79C41985E15F830287084BDF /* KeyConfigViewModel.swift in Sources */,
				39FCF6780E96DA938556A1A8 /* LoadingOverlay.swift in Sources */,
				5CAA8C36B1D5BD6BCE6AEC56 /* LoginCodeInput.swift in Sources */,
				782A039C7902C1EF3C0BCA7A /* LoginField.swift in Sources */,
				9F2BE19703C4C25E963E0D7C /* LoginForgotPasswordSheet.swift in Sources */,
				44AA6B99E418E2E45BB07B49 /* LoginFormModel.swift in Sources */,
				6F4FA3073CB6707ADEFCA321 /* LoginHeroView.swift in Sources */,
				12A55E64711F70E236838A43 /* LoginPalette.swift in Sources */,
				52D7C9452498E19846D9C968 /* LoginRightPanel.swift in Sources */,
				15C2442D5D7678B7AC0C7DFF /* LoginView.swift in Sources */,
				B39EE701666DBA4B4A5A34C9 /* MainShellViewController.swift in Sources */,
				68367F9C31AEA15851310DC0 /* MainWindowController.swift in Sources */,
				F902C0693CE86DB105A8C35C /* MemoModels.swift in Sources */,
				5091D0A97D2B99AA98FFF2B8 /* MemoService.swift in Sources */,
				4A27D360B7CC3C9FC0409793 /* MemoView.swift in Sources */,
				1AD9203E615E78E9C4904A45 /* MemoViewModel.swift in Sources */,
				A93DE3D78380DF7172B79F9C /* MenuBuilder.swift in Sources */,
				D06C3E63442610A5A74CB57B /* MenuGlyph.swift in Sources */,
				04DDF42D29D0D2C1C9A568C6 /* MfaBackupModels.swift in Sources */,
				7D566E68058E4046C99EE485 /* MfaBackupService.swift in Sources */,
				B643205A47C7D77BBA738ED8 /* MfaBackupView.swift in Sources */,
				FAD6DDCF496E93DD778BD048 /* MfaBackupViewModel.swift in Sources */,
				FA7B5313357887E7480B22EA /* MigrationModels.swift in Sources */,
				0F67AF21DA704E59AB0D380F /* MigrationService.swift in Sources */,
				ACD6024CA47E10C6BC45FE06 /* MigrationView.swift in Sources */,
				C116F530C1ADF301160A2550 /* MigrationViewModel.swift in Sources */,
				28FCF6C365B90F15D0CF336C /* ModuleSettingsCard.swift in Sources */,
				E5471F1D8C78CC5ECF9DA149 /* NativeWSClient.swift in Sources */,
				84AAE2592BAEC180CAC9A830 /* NavID.swift in Sources */,
				5E52A9683AB320AEC46534FD /* NavigationCatalog.swift in Sources */,
				3DA9E7BA13E15AAD6A78DD40 /* NavigationState.swift in Sources */,
				D14ECF886C94F1FD99D11E8F /* NotifyModels.swift in Sources */,
				3B573CA70241FCFBD6B27F23 /* NotifyService.swift in Sources */,
				AA6A950EC77AE50E22922BC2 /* NotifyView.swift in Sources */,
				78E8B5EEBB233111C17E87BD /* NotifyViewModel.swift in Sources */,
				6ADC332090ABED45BA5B2A9F /* OpenLogsModels.swift in Sources */,
				53E4843C3BA021B5B0F354D7 /* OpenLogsSSEClient.swift in Sources */,
				8F6BB7C2C05F6732F3481CAF /* OpenLogsService.swift in Sources */,
				967EFFF2219810A62BFE8E73 /* OpenLogsView.swift in Sources */,
				A3F13A397ADDD22341C5A1D1 /* OpenLogsViewModel.swift in Sources */,
				DE80ABDDAAE40AC40F1F0AC1 /* PageScaffold.swift in Sources */,
				42E774C95511894736D64B77 /* PageState.swift in Sources */,
				A068237B43A5EAB6AAAD5FCD /* PaginationBar.swift in Sources */,
				3BB6AA95E1052762364CA9E6 /* PlaceholderView.swift in Sources */,
				3D1F75F56FA06530A28EF3C5 /* PrimaryButton.swift in Sources */,
				5BC44930D6E417399441BCD3 /* ProxyConfigModels.swift in Sources */,
				606AD8CC4E03D48F269E08E2 /* ProxyConfigService.swift in Sources */,
				DB2F60CFC39A872FFD8E90D9 /* ProxyConfigSheets.swift in Sources */,
				039B56049EE635D68D513F6A /* ProxyConfigView.swift in Sources */,
				2F66B287B6F4214350C2579F /* ProxyConfigViewModel.swift in Sources */,
				D66AF341F10BE840877F82A0 /* RSAHelper.swift in Sources */,
				FCD34789E35EF283F41D0B2B /* RegionDetailSheet.swift in Sources */,
				A2127B74FC85E0E49A73D925 /* RegionFlagView.swift in Sources */,
				07F5E0A32ABA61A29D546CCE /* RegionWorldMapView.swift in Sources */,
				C5B96BDDA0788B1915873131 /* RegionsModels.swift in Sources */,
				B57FF8F6AB85CC9AB616B9B0 /* RegionsView.swift in Sources */,
				8204175D797A70EA09471DF3 /* RegionsViewModel.swift in Sources */,
				7ADC418ABD506CAC6527EE30 /* RootContainerViewController.swift in Sources */,
				A6ABCBB77484CE55572B072D /* SearchField.swift in Sources */,
				69D35039B9F253688C21370B /* SectionCard.swift in Sources */,
				522679E395AA6DB4280C2038 /* SecuritySettingsModels.swift in Sources */,
				7D659F0C9C51F2BAA46DD28D /* SecuritySettingsService.swift in Sources */,
				578BE51AF277B3F286F473C2 /* SecuritySettingsView.swift in Sources */,
				3D159EAC92337F1D4B9B0016 /* SecuritySettingsViewModel.swift in Sources */,
				55E7309FB286A9C06CD03E70 /* SelectMenu.swift in Sources */,
				CE8B0B45012938237329AF85 /* SelectOption.swift in Sources */,
				9204EC037DFE596E86271E82 /* SidebarView.swift in Sources */,
				79002130E81892B353B1F14B /* SpeedTestModels.swift in Sources */,
				033828C702EAEB2D122FACFB /* SpeedTestView.swift in Sources */,
				3155CBC005C58B4267639BC2 /* SpeedTestViewModel.swift in Sources */,
				2289F5F7EEDB77619DB619E6 /* StatusBadge.swift in Sources */,
				1F8B81B6D8676642B2BB43EE /* StorageModels.swift in Sources */,
				D29BE287B9C1015A8258357B /* StorageService.swift in Sources */,
				AAA67605C16670ADE9A79FC8 /* StorageSheets.swift in Sources */,
				9479D2D957FC8A732652BD6F /* StorageView.swift in Sources */,
				FB083A58EEF205FF8C8BF771 /* StorageViewModel.swift in Sources */,
				E85B63B3BFCC969E9A26AC54 /* SystemLogsService.swift in Sources */,
				CEB1136449A62C5368C80B51 /* SystemLogsView.swift in Sources */,
				4CBE1790EEC2331FD85DC05A /* SystemLogsViewModel.swift in Sources */,
				9DF214C64774C557C9906973 /* TenantAuditLogView.swift in Sources */,
				1574F64487CC459184B7EF4A /* TenantBootCreateView.swift in Sources */,
				0AB2CE3D8F46F3288ACDF846 /* TenantCostView.swift in Sources */,
				5CD3F7720E8D0A8AB88312DE /* TenantDetailView.swift in Sources */,
				CBF119B860D9B30F4B90A44A /* TenantQuotaView.swift in Sources */,
				1E969468BDD499C23410A9FF /* TenantRegionSubView.swift in Sources */,
				3F0267E45699932089CE4E74 /* TenantSSEClient.swift in Sources */,
				6D2EDB2A10E5C20DE363956A /* TenantSheets.swift in Sources */,
				15AA276851FCB5241603FB34 /* TenantTrafficView.swift in Sources */,
				E3E5C7FBF87D912EB2B011A8 /* TenantUserManageView.swift in Sources */,
				5DB5104D4783B35B318C0DB0 /* TenantsModels.swift in Sources */,
				EE5DD805B2041DEEA972B068 /* TenantsService.swift in Sources */,
				61C4E0C1DC9C9970D9BD1E48 /* TenantsView.swift in Sources */,
				D2FCC0F8F256102DBFAE7166 /* TenantsViewModel.swift in Sources */,
				6E22882F9059B159EE5CB5D3 /* TerminalEmulatorView.swift in Sources */,
				A058A7858059157340FF8F0A /* ToastCenter.swift in Sources */,
				D2C0323C8C52EDB485D609B8 /* TopNavChromeState.swift in Sources */,
				D6F2B149CE6B5E27DEC13DA2 /* TopNavDropdownOverlay.swift in Sources */,
				41571CA548CFAEA91BFB60AC /* TopNavView.swift in Sources */,
				CB81E043FF05BA7E39B06630 /* URLSession+Compat.swift in Sources */,
				47F787A4A2D76CBF070808FB /* View+Common.swift in Sources */,
				630BA615206F3A8005F7A436 /* VpsListView.swift in Sources */,
				2640DBE137F70B67D9692722 /* VpsModels.swift in Sources */,
				28C7747B749659074B3AEDD3 /* VpsService.swift in Sources */,
				385EABD85AF3403312F0CD63 /* VpsViewModel.swift in Sources */,
				5220956F8A665A564D212250 /* main.swift in Sources */,
			);
			runOnlyForDeploymentPostprocessing = 0;
		};
/* End PBXSourcesBuildPhase section */

/* Begin XCBuildConfiguration section */
		34105DD6140BA43947A7A1ED /* Release */ = {
			isa = XCBuildConfiguration;
			buildSettings = {
				ASSETCATALOG_COMPILER_APPICON_NAME = AppIcon;
				CODE_SIGN_ENTITLEMENTS = OciPool/OciPool.entitlements;
				CODE_SIGN_IDENTITY = "-";
				CODE_SIGN_STYLE = Automatic;
				COMBINE_HIDPI_IMAGES = YES;
				CURRENT_PROJECT_VERSION = 32;
				DEBUG_INFORMATION_FORMAT = "dwarf-with-dsym";
				ENABLE_HARDENED_RUNTIME = YES;
				INFOPLIST_FILE = OciPool/Info.plist;
				LD_RUNPATH_SEARCH_PATHS = (
					"$(inherited)",
					"@executable_path/../Frameworks",
				);
				MACOSX_DEPLOYMENT_TARGET = 11.0;
				MARKETING_VERSION = 1.1.39;
				PRODUCT_BUNDLE_IDENTIFIER = com.nodewebzsz.ocipool;
				PRODUCT_NAME = OciPool;
				SDKROOT = macosx;
				SWIFT_OPTIMIZATION_LEVEL = "-O";
				SWIFT_VERSION = 5.5;
			};
			name = Release;
		};
		A07F72FACAD6D1AFE253BBA9 /* Release */ = {
			isa = XCBuildConfiguration;
			buildSettings = {
				ALWAYS_SEARCH_USER_PATHS = NO;
				CLANG_ANALYZER_NONNULL = YES;
				CLANG_ANALYZER_NUMBER_OBJECT_CONVERSION = YES_AGGRESSIVE;
				CLANG_CXX_LANGUAGE_STANDARD = "gnu++14";
				CLANG_CXX_LIBRARY = "libc++";
				CLANG_ENABLE_MODULES = YES;
				CLANG_ENABLE_OBJC_ARC = YES;
				CLANG_ENABLE_OBJC_WEAK = YES;
				CLANG_WARN_BLOCK_CAPTURE_AUTORELEASING = YES;
				CLANG_WARN_BOOL_CONVERSION = YES;
				CLANG_WARN_COMMA = YES;
				CLANG_WARN_CONSTANT_CONVERSION = YES;
				CLANG_WARN_DEPRECATED_OBJC_IMPLEMENTATIONS = YES;
				CLANG_WARN_DIRECT_OBJC_ISA_USAGE = YES_ERROR;
				CLANG_WARN_DOCUMENTATION_COMMENTS = YES;
				CLANG_WARN_EMPTY_BODY = YES;
				CLANG_WARN_ENUM_CONVERSION = YES;
				CLANG_WARN_INFINITE_RECURSION = YES;
				CLANG_WARN_INT_CONVERSION = YES;
				CLANG_WARN_NON_LITERAL_NULL_CONVERSION = YES;
				CLANG_WARN_OBJC_IMPLICIT_RETAIN_SELF = YES;
				CLANG_WARN_OBJC_LITERAL_CONVERSION = YES;
				CLANG_WARN_OBJC_ROOT_CLASS = YES_ERROR;
				CLANG_WARN_QUOTED_INCLUDE_IN_FRAMEWORK_HEADER = YES;
				CLANG_WARN_RANGE_LOOP_ANALYSIS = YES;
				CLANG_WARN_STRICT_PROTOTYPES = YES;
				CLANG_WARN_SUSPICIOUS_MOVE = YES;
				CLANG_WARN_UNGUARDED_AVAILABILITY = YES_AGGRESSIVE;
				CLANG_WARN_UNREACHABLE_CODE = YES;
				CLANG_WARN__DUPLICATE_METHOD_MATCH = YES;
				COPY_PHASE_STRIP = NO;
				DEBUG_INFORMATION_FORMAT = "dwarf-with-dsym";
				ENABLE_NS_ASSERTIONS = NO;
				ENABLE_STRICT_OBJC_MSGSEND = YES;
				GCC_C_LANGUAGE_STANDARD = gnu11;
				GCC_NO_COMMON_BLOCKS = YES;
				GCC_WARN_64_TO_32_BIT_CONVERSION = YES;
				GCC_WARN_ABOUT_RETURN_TYPE = YES_ERROR;
				GCC_WARN_UNDECLARED_SELECTOR = YES;
				GCC_WARN_UNINITIALIZED_AUTOS = YES_AGGRESSIVE;
				GCC_WARN_UNUSED_FUNCTION = YES;
				GCC_WARN_UNUSED_VARIABLE = YES;
				MACOSX_DEPLOYMENT_TARGET = 11.0;
				MTL_ENABLE_DEBUG_INFO = NO;
				MTL_FAST_MATH = YES;
				PRODUCT_NAME = "$(TARGET_NAME)";
				SDKROOT = macosx;
				SWIFT_COMPILATION_MODE = wholemodule;
				SWIFT_OPTIMIZATION_LEVEL = "-O";
				SWIFT_VERSION = 5.0;
			};
			name = Release;
		};
		D59150D02EB615ED417F5827 /* Debug */ = {
			isa = XCBuildConfiguration;
			buildSettings = {
				ASSETCATALOG_COMPILER_APPICON_NAME = AppIcon;
				CODE_SIGN_ENTITLEMENTS = OciPool/OciPool.entitlements;
				CODE_SIGN_IDENTITY = "-";
				CODE_SIGN_STYLE = Automatic;
				COMBINE_HIDPI_IMAGES = YES;
				CURRENT_PROJECT_VERSION = 32;
				DEBUG_INFORMATION_FORMAT = dwarf;
				ENABLE_HARDENED_RUNTIME = YES;
				INFOPLIST_FILE = OciPool/Info.plist;
				LD_RUNPATH_SEARCH_PATHS = (
					"$(inherited)",
					"@executable_path/../Frameworks",
				);
				MACOSX_DEPLOYMENT_TARGET = 11.0;
				MARKETING_VERSION = 1.1.39;
				PRODUCT_BUNDLE_IDENTIFIER = com.nodewebzsz.ocipool;
				PRODUCT_NAME = OciPool;
				SDKROOT = macosx;
				SWIFT_OPTIMIZATION_LEVEL = "-Onone";
				SWIFT_VERSION = 5.5;
			};
			name = Debug;
		};
		ED4DB4A1B5AE2DACAF68695C /* Debug */ = {
			isa = XCBuildConfiguration;
			buildSettings = {
				ALWAYS_SEARCH_USER_PATHS = NO;
				CLANG_ANALYZER_NONNULL = YES;
				CLANG_ANALYZER_NUMBER_OBJECT_CONVERSION = YES_AGGRESSIVE;
				CLANG_CXX_LANGUAGE_STANDARD = "gnu++14";
				CLANG_CXX_LIBRARY = "libc++";
				CLANG_ENABLE_MODULES = YES;
				CLANG_ENABLE_OBJC_ARC = YES;
				CLANG_ENABLE_OBJC_WEAK = YES;
				CLANG_WARN_BLOCK_CAPTURE_AUTORELEASING = YES;
				CLANG_WARN_BOOL_CONVERSION = YES;
				CLANG_WARN_COMMA = YES;
				CLANG_WARN_CONSTANT_CONVERSION = YES;
				CLANG_WARN_DEPRECATED_OBJC_IMPLEMENTATIONS = YES;
				CLANG_WARN_DIRECT_OBJC_ISA_USAGE = YES_ERROR;
				CLANG_WARN_DOCUMENTATION_COMMENTS = YES;
				CLANG_WARN_EMPTY_BODY = YES;
				CLANG_WARN_ENUM_CONVERSION = YES;
				CLANG_WARN_INFINITE_RECURSION = YES;
				CLANG_WARN_INT_CONVERSION = YES;
				CLANG_WARN_NON_LITERAL_NULL_CONVERSION = YES;
				CLANG_WARN_OBJC_IMPLICIT_RETAIN_SELF = YES;
				CLANG_WARN_OBJC_LITERAL_CONVERSION = YES;
				CLANG_WARN_OBJC_ROOT_CLASS = YES_ERROR;
				CLANG_WARN_QUOTED_INCLUDE_IN_FRAMEWORK_HEADER = YES;
				CLANG_WARN_RANGE_LOOP_ANALYSIS = YES;
				CLANG_WARN_STRICT_PROTOTYPES = YES;
				CLANG_WARN_SUSPICIOUS_MOVE = YES;
				CLANG_WARN_UNGUARDED_AVAILABILITY = YES_AGGRESSIVE;
				CLANG_WARN_UNREACHABLE_CODE = YES;
				CLANG_WARN__DUPLICATE_METHOD_MATCH = YES;
				COPY_PHASE_STRIP = NO;
				DEBUG_INFORMATION_FORMAT = dwarf;
				ENABLE_STRICT_OBJC_MSGSEND = YES;
				ENABLE_TESTABILITY = YES;
				GCC_C_LANGUAGE_STANDARD = gnu11;
				GCC_DYNAMIC_NO_PIC = NO;
				GCC_NO_COMMON_BLOCKS = YES;
				GCC_OPTIMIZATION_LEVEL = 0;
				GCC_PREPROCESSOR_DEFINITIONS = (
					"$(inherited)",
					"DEBUG=1",
				);
				GCC_WARN_64_TO_32_BIT_CONVERSION = YES;
				GCC_WARN_ABOUT_RETURN_TYPE = YES_ERROR;
				GCC_WARN_UNDECLARED_SELECTOR = YES;
				GCC_WARN_UNINITIALIZED_AUTOS = YES_AGGRESSIVE;
				GCC_WARN_UNUSED_FUNCTION = YES;
				GCC_WARN_UNUSED_VARIABLE = YES;
				MACOSX_DEPLOYMENT_TARGET = 11.0;
				MTL_ENABLE_DEBUG_INFO = INCLUDE_SOURCE;
				MTL_FAST_MATH = YES;
				ONLY_ACTIVE_ARCH = YES;
				PRODUCT_NAME = "$(TARGET_NAME)";
				SDKROOT = macosx;
				SWIFT_ACTIVE_COMPILATION_CONDITIONS = DEBUG;
				SWIFT_OPTIMIZATION_LEVEL = "-Onone";
				SWIFT_VERSION = 5.0;
			};
			name = Debug;
		};
/* End XCBuildConfiguration section */

/* Begin XCConfigurationList section */
		5BD51699708DBD96AEAA8344 /* Build configuration list for PBXNativeTarget "OciPool" */ = {
			isa = XCConfigurationList;
			buildConfigurations = (
				D59150D02EB615ED417F5827 /* Debug */,
				34105DD6140BA43947A7A1ED /* Release */,
			);
			defaultConfigurationIsVisible = 0;
			defaultConfigurationName = Debug;
		};
		835CD3F61ADF5C086E9CC7A3 /* Build configuration list for PBXProject "OciPool" */ = {
			isa = XCConfigurationList;
			buildConfigurations = (
				ED4DB4A1B5AE2DACAF68695C /* Debug */,
				A07F72FACAD6D1AFE253BBA9 /* Release */,
			);
			defaultConfigurationIsVisible = 0;
			defaultConfigurationName = Debug;
		};
/* End XCConfigurationList section */
	};
	rootObject = 85230C8BA3C7F9A33C3A1F95 /* Project object */;
}
